// !$*UTF8*$!
{
	archiveVersion = 1;
	classes = {
	};
	objectVersion = 48;
	objects = {

/* Begin PBXBuildFile section */
		258879339880B16366F53ED6 /* Pods_Coffee.framework in Frameworks */ = {isa = PBXBuildFile; fileRef = 27C3888E1688495B0D5D73D6 /* Pods_Coffee.framework */; };
		BB1C156620E1E8AD006D7053 /* UIButton+Common.m in Sources */ = {isa = PBXBuildFile; fileRef = BB1C156420E1E8AD006D7053 /* UIButton+Common.m */; };
		BB23E563210964C20074C61B /* FeedbackViewController.m in Sources */ = {isa = PBXBuildFile; fileRef = BB23E562210964C20074C61B /* FeedbackViewController.m */; };
		BB26AFB220EDC846008AE330 /* 数据.json in Resources */ = {isa = PBXBuildFile; fileRef = BB26AFB120EDC846008AE330 /* 数据.json */; };
		BB2912022106BA65001B9448 /* UsernameViewController.m in Sources */ = {isa = PBXBuildFile; fileRef = BB2912012106BA65001B9448 /* UsernameViewController.m */; };
		BB29120C2106CCE1001B9448 /* PasswordViewController.m in Sources */ = {isa = PBXBuildFile; fileRef = BB2912082106CCE1001B9448 /* PasswordViewController.m */; };
		BB29120D2106CCE1001B9448 /* PasswordTableViewController.m in Sources */ = {isa = PBXBuildFile; fileRef = BB2912092106CCE1001B9448 /* PasswordTableViewController.m */; };
		BB29120E2106CCE1001B9448 /* Password.storyboard in Resources */ = {isa = PBXBuildFile; fileRef = BB29120A2106CCE1001B9448 /* Password.storyboard */; };
		BB2912122106D8D5001B9448 /* GeneralViewController.m in Sources */ = {isa = PBXBuildFile; fileRef = BB2912112106D8D5001B9448 /* GeneralViewController.m */; };
		BB2912152106FB43001B9448 /* SubtitileCell.m in Sources */ = {isa = PBXBuildFile; fileRef = BB2912142106FB43001B9448 /* SubtitileCell.m */; };
		BB29121821071B1E001B9448 /* SettingModel.m in Sources */ = {isa = PBXBuildFile; fileRef = BB29121721071B1E001B9448 /* SettingModel.m */; };
		BB3811FA20EA1C3C00F0B2B7 /* BakeCurveViewController.m in Sources */ = {isa = PBXBuildFile; fileRef = BB3811F920EA1C3C00F0B2B7 /* BakeCurveViewController.m */; };
		BB4C906E2105C4200023EE9B /* DataBase.m in Sources */ = {isa = PBXBuildFile; fileRef = BB4C906D2105C4200023EE9B /* DataBase.m */; };
		BB52778220F845C100D020DD /* ic_leftpop@1x.png in Resources */ = {isa = PBXBuildFile; fileRef = BB52777F20F845C000D020DD /* ic_leftpop@1x.png */; };
		BB52778320F845C100D020DD /* ic_leftpop@2x.png in Resources */ = {isa = PBXBuildFile; fileRef = BB52778020F845C000D020DD /* ic_leftpop@2x.png */; };
		BB52778420F845C100D020DD /* ic_leftpop@3x.png in Resources */ = {isa = PBXBuildFile; fileRef = BB52778120F845C000D020DD /* ic_leftpop@3x.png */; };
		BB593FA9210F172D007ECB1D /* NSDate+Common.m in Sources */ = {isa = PBXBuildFile; fileRef = BB593FA8210F172D007ECB1D /* NSDate+Common.m */; };
		BB593FAC210F324C007ECB1D /* EventModel.m in Sources */ = {isa = PBXBuildFile; fileRef = BB593FAB210F324C007ECB1D /* EventModel.m */; };
		BB5A3BF1211193180030ACA5 /* DeviceModel.m in Sources */ = {isa = PBXBuildFile; fileRef = BB5A3BF0211193180030ACA5 /* DeviceModel.m */; };
		BB61D757210D619E0068A0A6 /* BakeReportController.m in Sources */ = {isa = PBXBuildFile; fileRef = BB61D756210D619E0068A0A6 /* BakeReportController.m */; };
		BB61D75A210DC31C0068A0A6 /* ReportModel.m in Sources */ = {isa = PBXBuildFile; fileRef = BB61D759210DC31C0068A0A6 /* ReportModel.m */; };
		BB635D1F210862E8005F42D6 /* FastEventViewController.m in Sources */ = {isa = PBXBuildFile; fileRef = BB635D1E210862E8005F42D6 /* FastEventViewController.m */; };
		BB635D21210868AF005F42D6 /* ic_quick_event_add@1x.png in Resources */ = {isa = PBXBuildFile; fileRef = BB635D20210868AF005F42D6 /* ic_quick_event_add@1x.png */; };
		BB635D23210868DF005F42D6 /* ic_quick_event_add@2x.png in Resources */ = {isa = PBXBuildFile; fileRef = BB635D22210868DF005F42D6 /* ic_quick_event_add@2x.png */; };
		BB635D25210868EF005F42D6 /* ic_quick_event_add@3x.png in Resources */ = {isa = PBXBuildFile; fileRef = BB635D24210868EF005F42D6 /* ic_quick_event_add@3x.png */; };
		BB635D282108781C005F42D6 /* CurveColorViewController.m in Sources */ = {isa = PBXBuildFile; fileRef = BB635D272108781C005F42D6 /* CurveColorViewController.m */; };
		BB635D2B2108794B005F42D6 /* CurveColorCell.m in Sources */ = {isa = PBXBuildFile; fileRef = BB635D2A2108794B005F42D6 /* CurveColorCell.m */; };
		BB65C25120FD8F0400BB684E /* tick@1x.png in Resources */ = {isa = PBXBuildFile; fileRef = BB65C24B20FD8F0300BB684E /* tick@1x.png */; };
		BB65C25220FD8F0400BB684E /* tick@2x.png in Resources */ = {isa = PBXBuildFile; fileRef = BB65C24C20FD8F0300BB684E /* tick@2x.png */; };
		BB65C25320FD8F0400BB684E /* untick@1x.png in Resources */ = {isa = PBXBuildFile; fileRef = BB65C24D20FD8F0400BB684E /* untick@1x.png */; };
		BB65C25420FD8F0400BB684E /* untick@3x.png in Resources */ = {isa = PBXBuildFile; fileRef = BB65C24E20FD8F0400BB684E /* untick@3x.png */; };
		BB65C25520FD8F0400BB684E /* tick@3x.png in Resources */ = {isa = PBXBuildFile; fileRef = BB65C24F20FD8F0400BB684E /* tick@3x.png */; };
		BB65C25620FD8F0400BB684E /* untick@2x.png in Resources */ = {isa = PBXBuildFile; fileRef = BB65C25020FD8F0400BB684E /* untick@2x.png */; };
		BB65C25920FDF00000BB684E /* BeanModel.m in Sources */ = {isa = PBXBuildFile; fileRef = BB65C25820FDF00000BB684E /* BeanModel.m */; };
		BB65C25D20FE129200BB684E /* CurveViewController.m in Sources */ = {isa = PBXBuildFile; fileRef = BB65C25C20FE129200BB684E /* CurveViewController.m */; };
		BB69CA7320ECBB490032F126 /* NSObject+Common.m in Sources */ = {isa = PBXBuildFile; fileRef = BB69CA7220ECBB490032F126 /* NSObject+Common.m */; };
		BB6A555E20FCCA3D0013C3C1 /* AddBeanTableViewCell.m in Sources */ = {isa = PBXBuildFile; fileRef = BB6A555D20FCCA3D0013C3C1 /* AddBeanTableViewCell.m */; };
		BB6A556020FCCD8E0013C3C1 /* ic_bake_dialog_delete@1x.png in Resources */ = {isa = PBXBuildFile; fileRef = BB6A555F20FCCD8E0013C3C1 /* ic_bake_dialog_delete@1x.png */; };
		BB6A556220FCCDA90013C3C1 /* ic_bake_dialog_delete@2x.png in Resources */ = {isa = PBXBuildFile; fileRef = BB6A556120FCCDA90013C3C1 /* ic_bake_dialog_delete@2x.png */; };
		BB6A556420FCCDC40013C3C1 /* ic_bake_dialog_delete@3x.png in Resources */ = {isa = PBXBuildFile; fileRef = BB6A556320FCCDC30013C3C1 /* ic_bake_dialog_delete@3x.png */; };
		BB6A784620E32A4D00EE3E2E /* DeviceTableViewCell.m in Sources */ = {isa = PBXBuildFile; fileRef = BB6A784420E32A4D00EE3E2E /* DeviceTableViewCell.m */; };
		BB6A784720E32A4D00EE3E2E /* DeviceTableViewCell.xib in Resources */ = {isa = PBXBuildFile; fileRef = BB6A784520E32A4D00EE3E2E /* DeviceTableViewCell.xib */; };
		BB6A784B20E36E7200EE3E2E /* BaseViewController.m in Sources */ = {isa = PBXBuildFile; fileRef = BB6A784A20E36E7200EE3E2E /* BaseViewController.m */; };
		BB6AD21721007D15008C8763 /* MineViewController.m in Sources */ = {isa = PBXBuildFile; fileRef = BB6AD21621007D15008C8763 /* MineViewController.m */; };
		BB6AD21E2100B706008C8763 /* AccountViewController.m in Sources */ = {isa = PBXBuildFile; fileRef = BB6AD21D2100B706008C8763 /* AccountViewController.m */; };
		BB6AD2212100C058008C8763 /* LlabelRlabelCell.m in Sources */ = {isa = PBXBuildFile; fileRef = BB6AD2202100C058008C8763 /* LlabelRlabelCell.m */; };
		BB6AD2252100C182008C8763 /* LlabelRImageCell.m in Sources */ = {isa = PBXBuildFile; fileRef = BB6AD2242100C182008C8763 /* LlabelRImageCell.m */; };
		BB712ABD20E47F49005FF10F /* NetWork.m in Sources */ = {isa = PBXBuildFile; fileRef = BB712ABC20E47F49005FF10F /* NetWork.m */; };
		BB8AA20B20DE3F5200610316 /* ic_navbar_bean.png in Resources */ = {isa = PBXBuildFile; fileRef = BB8A9F7A20DE3F5100610316 /* ic_navbar_bean.png */; };
		BB8AA21F20DE3F5200610316 /* ic_navbar_bake_selected.png in Resources */ = {isa = PBXBuildFile; fileRef = BB8A9F8E20DE3F5100610316 /* ic_navbar_bake_selected.png */; };
		BB8AA23420DE3F5200610316 /* ic_navbar_cup_selected.png in Resources */ = {isa = PBXBuildFile; fileRef = BB8A9FA320DE3F5100610316 /* ic_navbar_cup_selected.png */; };
		BB8AA23720DE3F5200610316 /* ic_navbar_bean_selected.png in Resources */ = {isa = PBXBuildFile; fileRef = BB8A9FA620DE3F5100610316 /* ic_navbar_bean_selected.png */; };
		BB8AA24B20DE3F5200610316 /* ic_navbar_cup.png in Resources */ = {isa = PBXBuildFile; fileRef = BB8A9FBA20DE3F5100610316 /* ic_navbar_cup.png */; };
		BB8AA24C20DE3F5200610316 /* ic_navbar_mine.png in Resources */ = {isa = PBXBuildFile; fileRef = BB8A9FBB20DE3F5100610316 /* ic_navbar_mine.png */; };
		BB8AA26920DE3F5200610316 /* ic_navbar_bake.png in Resources */ = {isa = PBXBuildFile; fileRef = BB8A9FD820DE3F5100610316 /* ic_navbar_bake.png */; };
		BB8AA28120DE3F5200610316 /* ic_navbar_mine_selected.png in Resources */ = {isa = PBXBuildFile; fileRef = BB8A9FF020DE3F5100610316 /* ic_navbar_mine_selected.png */; };
		BB8AA29420DE3F5200610316 /* ic_navbar_bean@2x.png in Resources */ = {isa = PBXBuildFile; fileRef = BB8AA00420DE3F5100610316 /* ic_navbar_bean@2x.png */; };
		BB8AA29720DE3F5200610316 /* ic_navbar_community@2x.png in Resources */ = {isa = PBXBuildFile; fileRef = BB8AA00720DE3F5100610316 /* ic_navbar_community@2x.png */; };
		BB8AA2A820DE3F5200610316 /* ic_navbar_bake_selected@2x.png in Resources */ = {isa = PBXBuildFile; fileRef = BB8AA01820DE3F5200610316 /* ic_navbar_bake_selected@2x.png */; };
		BB8AA2BD20DE3F5300610316 /* ic_navbar_cup_selected@2x.png in Resources */ = {isa = PBXBuildFile; fileRef = BB8AA02D20DE3F5200610316 /* ic_navbar_cup_selected@2x.png */; };
		BB8AA2C020DE3F5300610316 /* ic_navbar_bean_selected@2x.png in Resources */ = {isa = PBXBuildFile; fileRef = BB8AA03020DE3F5200610316 /* ic_navbar_bean_selected@2x.png */; };
		BB8AA2D420DE3F5300610316 /* ic_navbar_cup@2x.png in Resources */ = {isa = PBXBuildFile; fileRef = BB8AA04420DE3F5200610316 /* ic_navbar_cup@2x.png */; };
		BB8AA2D520DE3F5300610316 /* ic_navbar_mine@2x.png in Resources */ = {isa = PBXBuildFile; fileRef = BB8AA04520DE3F5200610316 /* ic_navbar_mine@2x.png */; };
		BB8AA2F220DE3F5300610316 /* ic_navbar_bake@2x.png in Resources */ = {isa = PBXBuildFile; fileRef = BB8AA06220DE3F5200610316 /* ic_navbar_bake@2x.png */; };
		BB8AA30620DE3F5300610316 /* ic_navbar_community_selected@2x.png in Resources */ = {isa = PBXBuildFile; fileRef = BB8AA07620DE3F5200610316 /* ic_navbar_community_selected@2x.png */; };
		BB8AA30A20DE3F5300610316 /* ic_navbar_mine_selected@2x.png in Resources */ = {isa = PBXBuildFile; fileRef = BB8AA07A20DE3F5200610316 /* ic_navbar_mine_selected@2x.png */; };
		BB8AA43020DE3F5300610316 /* ic_navbar_bean@3x.png in Resources */ = {isa = PBXBuildFile; fileRef = BB8AA1A320DE3F5200610316 /* ic_navbar_bean@3x.png */; };
		BB8AA44120DE3F5300610316 /* ic_navbar_bake_selected@3x.png in Resources */ = {isa = PBXBuildFile; fileRef = BB8AA1B420DE3F5200610316 /* ic_navbar_bake_selected@3x.png */; };
		BB8AA45020DE3F5300610316 /* ic_navbar_cup_selected@3x.png in Resources */ = {isa = PBXBuildFile; fileRef = BB8AA1C320DE3F5200610316 /* ic_navbar_cup_selected@3x.png */; };
		BB8AA45220DE3F5300610316 /* ic_navbar_bean_selected@3x.png in Resources */ = {isa = PBXBuildFile; fileRef = BB8AA1C520DE3F5200610316 /* ic_navbar_bean_selected@3x.png */; };
		BB8AA45F20DE3F5300610316 /* ic_navbar_cup@3x.png in Resources */ = {isa = PBXBuildFile; fileRef = BB8AA1D220DE3F5200610316 /* ic_navbar_cup@3x.png */; };
		BB8AA46020DE3F5300610316 /* ic_navbar_mine@3x.png in Resources */ = {isa = PBXBuildFile; fileRef = BB8AA1D320DE3F5200610316 /* ic_navbar_mine@3x.png */; };
		BB8AA47820DE3F5300610316 /* ic_navbar_bake@3x.png in Resources */ = {isa = PBXBuildFile; fileRef = BB8AA1EB20DE3F5200610316 /* ic_navbar_bake@3x.png */; };
		BB8AA48A20DE3F5300610316 /* ic_navbar_mine_selected@3x.png in Resources */ = {isa = PBXBuildFile; fileRef = BB8AA1FD20DE3F5200610316 /* ic_navbar_mine_selected@3x.png */; };
		BB8AA49A20DE475200610316 /* BakeViewController.m in Sources */ = {isa = PBXBuildFile; fileRef = BB8AA49920DE475200610316 /* BakeViewController.m */; };
		BB8AA49E20DFAFC600610316 /* DeviceViewController.m in Sources */ = {isa = PBXBuildFile; fileRef = BB8AA49D20DFAFC600610316 /* DeviceViewController.m */; };
		BB8AA4A020DFB18B00610316 /* ic_details.png in Resources */ = {isa = PBXBuildFile; fileRef = BB8AA49F20DFB18B00610316 /* ic_details.png */; };
		BB8AA4A220DFB19800610316 /* ic_details@2x.png in Resources */ = {isa = PBXBuildFile; fileRef = BB8AA4A120DFB19800610316 /* ic_details@2x.png */; };
		BB8AA4A520DFB25900610316 /* EspViewController.m in Sources */ = {isa = PBXBuildFile; fileRef = BB8AA4A420DFB25900610316 /* EspViewController.m */; };
		BB8AA4C520DFB9CA00610316 /* ESPGuideCode.m in Sources */ = {isa = PBXBuildFile; fileRef = BB8AA4A720DFB9C900610316 /* ESPGuideCode.m */; };
		BB8AA4C620DFB9CA00610316 /* ESPTouchResult.m in Sources */ = {isa = PBXBuildFile; fileRef = BB8AA4A820DFB9C900610316 /* ESPTouchResult.m */; };
		BB8AA4C720DFB9CA00610316 /* ESP_NetUtil.m in Sources */ = {isa = PBXBuildFile; fileRef = BB8AA4AB20DFB9C900610316 /* ESP_NetUtil.m */; };
		BB8AA4C820DFB9CA00610316 /* ESP_ByteUtil.m in Sources */ = {isa = PBXBuildFile; fileRef = BB8AA4AC20DFB9C900610316 /* ESP_ByteUtil.m */; };
		BB8AA4C920DFB9CA00610316 /* ESP_WifiUtil.m in Sources */ = {isa = PBXBuildFile; fileRef = BB8AA4AD20DFB9C900610316 /* ESP_WifiUtil.m */; };
		BB8AA4CA20DFB9CA00610316 /* ESPTouchGenerator.m in Sources */ = {isa = PBXBuildFile; fileRef = BB8AA4AE20DFB9C900610316 /* ESPTouchGenerator.m */; };
		BB8AA4CB20DFB9CA00610316 /* ESP_CRC8.m in Sources */ = {isa = PBXBuildFile; fileRef = BB8AA4AF20DFB9C900610316 /* ESP_CRC8.m */; };
		BB8AA4CC20DFB9CA00610316 /* ESPUDPSocketServer.m in Sources */ = {isa = PBXBuildFile; fileRef = BB8AA4B120DFB9C900610316 /* ESPUDPSocketServer.m */; };
		BB8AA4CD20DFB9CA00610316 /* ESPUDPSocketClient.m in Sources */ = {isa = PBXBuildFile; fileRef = BB8AA4BB20DFB9C900610316 /* ESPUDPSocketClient.m */; };
		BB8AA4CE20DFB9CA00610316 /* ESPTouchTaskParameter.m in Sources */ = {isa = PBXBuildFile; fileRef = BB8AA4BC20DFB9C900610316 /* ESPTouchTaskParameter.m */; };
		BB8AA4CF20DFB9CA00610316 /* ESPDataCode.m in Sources */ = {isa = PBXBuildFile; fileRef = BB8AA4BD20DFB9C900610316 /* ESPDataCode.m */; };
		BB8AA4D020DFB9CA00610316 /* ESPAES.m in Sources */ = {isa = PBXBuildFile; fileRef = BB8AA4C220DFB9C900610316 /* ESPAES.m */; };
		BB8AA4D120DFB9CA00610316 /* ESPTouchTask.m in Sources */ = {isa = PBXBuildFile; fileRef = BB8AA4C320DFB9C900610316 /* ESPTouchTask.m */; };
		BB8AA4D220DFB9CA00610316 /* ESPDatumCode.m in Sources */ = {isa = PBXBuildFile; fileRef = BB8AA4C420DFB9C900610316 /* ESPDatumCode.m */; };
		BB8AA4D720DFBFA400610316 /* TouchTableView.m in Sources */ = {isa = PBXBuildFile; fileRef = BB8AA4D620DFBFA400610316 /* TouchTableView.m */; };
		BB8AA4DF20DFC96A00610316 /* SSIDTableViewCell.m in Sources */ = {isa = PBXBuildFile; fileRef = BB8AA4DD20DFC96A00610316 /* SSIDTableViewCell.m */; };
		BB8AA4E020DFC96A00610316 /* SSIDTableViewCell.xib in Resources */ = {isa = PBXBuildFile; fileRef = BB8AA4DE20DFC96A00610316 /* SSIDTableViewCell.xib */; };
		BB8AA4E420DFCA1C00610316 /* PasswordTableViewCell.m in Sources */ = {isa = PBXBuildFile; fileRef = BB8AA4E220DFCA1C00610316 /* PasswordTableViewCell.m */; };
		BB8AA4E520DFCA1C00610316 /* PasswordTableViewCell.xib in Resources */ = {isa = PBXBuildFile; fileRef = BB8AA4E320DFCA1C00610316 /* PasswordTableViewCell.xib */; };
		BB8AA4E820DFD18D00610316 /* UIColor+ColorChange.m in Sources */ = {isa = PBXBuildFile; fileRef = BB8AA4E720DFD18D00610316 /* UIColor+ColorChange.m */; };
		BB8F7BD120DA513B00BE5CFC /* AppDelegate.m in Sources */ = {isa = PBXBuildFile; fileRef = BB8F7BD020DA513B00BE5CFC /* AppDelegate.m */; };
		BB8F7BD720DA513B00BE5CFC /* Main.storyboard in Resources */ = {isa = PBXBuildFile; fileRef = BB8F7BD520DA513B00BE5CFC /* Main.storyboard */; };
		BB8F7BD920DA513B00BE5CFC /* Assets.xcassets in Resources */ = {isa = PBXBuildFile; fileRef = BB8F7BD820DA513B00BE5CFC /* Assets.xcassets */; };
		BB8F7BDC20DA513B00BE5CFC /* LaunchScreen.storyboard in Resources */ = {isa = PBXBuildFile; fileRef = BB8F7BDA20DA513B00BE5CFC /* LaunchScreen.storyboard */; };
		BB8F7BDF20DA513B00BE5CFC /* main.m in Sources */ = {isa = PBXBuildFile; fileRef = BB8F7BDE20DA513B00BE5CFC /* main.m */; };
		BB8F7BE920DA513C00BE5CFC /* CoffeeTests.m in Sources */ = {isa = PBXBuildFile; fileRef = BB8F7BE820DA513C00BE5CFC /* CoffeeTests.m */; };
		BB8F7BF420DA513C00BE5CFC /* CoffeeUITests.m in Sources */ = {isa = PBXBuildFile; fileRef = BB8F7BF320DA513C00BE5CFC /* CoffeeUITests.m */; };
		BB94EAA020DB8CE700370A95 /* RDVTabBar.m in Sources */ = {isa = PBXBuildFile; fileRef = BB94EA9A20DB8CE700370A95 /* RDVTabBar.m */; };
		BB94EAA120DB8CE700370A95 /* RDVTabBarController.m in Sources */ = {isa = PBXBuildFile; fileRef = BB94EA9E20DB8CE700370A95 /* RDVTabBarController.m */; };
		BB94EAA220DB8CE700370A95 /* RDVTabBarItem.m in Sources */ = {isa = PBXBuildFile; fileRef = BB94EA9F20DB8CE700370A95 /* RDVTabBarItem.m */; };
		BB94EAA520DBA9C800370A95 /* MainViewController.m in Sources */ = {isa = PBXBuildFile; fileRef = BB94EAA420DBA9C800370A95 /* MainViewController.m */; };
		BBC4AB862103347100F49BDC /* libsqlite3.tbd in Frameworks */ = {isa = PBXBuildFile; fileRef = BBC4AB852103347100F49BDC /* libsqlite3.tbd */; };
		BBC695F020F5B31A006628E0 /* ic_mine_history_line@2x.png in Resources */ = {isa = PBXBuildFile; fileRef = BBC695EF20F5B31A006628E0 /* ic_mine_history_line@2x.png */; };
		BBC695F220F5B334006628E0 /* ic_mine_history_line.png in Resources */ = {isa = PBXBuildFile; fileRef = BBC695F120F5B334006628E0 /* ic_mine_history_line.png */; };
		BBED09AE20F7354200D6010A /* ic_bake_bean.png in Resources */ = {isa = PBXBuildFile; fileRef = BBED09AA20F7354200D6010A /* ic_bake_bean.png */; };
		BBED09AF20F7354200D6010A /* ic_baked.png in Resources */ = {isa = PBXBuildFile; fileRef = BBED09AB20F7354200D6010A /* ic_baked.png */; };
		BBED09B020F7354200D6010A /* ic_bake_baking_outwind.png in Resources */ = {isa = PBXBuildFile; fileRef = BBED09AC20F7354200D6010A /* ic_bake_baking_outwind.png */; };
		BBED09B120F7354200D6010A /* ic_bake_baking_inwind.png in Resources */ = {isa = PBXBuildFile; fileRef = BBED09AD20F7354200D6010A /* ic_bake_baking_inwind.png */; };
		BBED09B620F7355E00D6010A /* ic_bake_baking_inwind@2x.png in Resources */ = {isa = PBXBuildFile; fileRef = BBED09B220F7355E00D6010A /* ic_bake_baking_inwind@2x.png */; };
		BBED09B720F7355E00D6010A /* ic_bake_baking_outwind@2x.png in Resources */ = {isa = PBXBuildFile; fileRef = BBED09B320F7355E00D6010A /* ic_bake_baking_outwind@2x.png */; };
		BBED09B820F7355E00D6010A /* ic_bake_bean@2x.png in Resources */ = {isa = PBXBuildFile; fileRef = BBED09B420F7355E00D6010A /* ic_bake_bean@2x.png */; };
		BBED09B920F7355E00D6010A /* ic_baked@2x.png in Resources */ = {isa = PBXBuildFile; fileRef = BBED09B520F7355E00D6010A /* ic_baked@2x.png */; };
		BBFE861220E62FDF005C6CE5 /* DeviceSelectView.m in Sources */ = {isa = PBXBuildFile; fileRef = BBFE861120E62FDF005C6CE5 /* DeviceSelectView.m */; };
		BBFE861520E62FF3005C6CE5 /* DeviceConfirmView.m in Sources */ = {isa = PBXBuildFile; fileRef = BBFE861420E62FF3005C6CE5 /* DeviceConfirmView.m */; };
		BBFE861820E63027005C6CE5 /* DeviceConnectView.m in Sources */ = {isa = PBXBuildFile; fileRef = BBFE861720E63027005C6CE5 /* DeviceConnectView.m */; };
/* End PBXBuildFile section */

/* Begin PBXContainerItemProxy section */
		BB8F7BE520DA513C00BE5CFC /* PBXContainerItemProxy */ = {
			isa = PBXContainerItemProxy;
			containerPortal = BB8F7BC420DA513B00BE5CFC /* Project object */;
			proxyType = 1;
			remoteGlobalIDString = BB8F7BCB20DA513B00BE5CFC;
			remoteInfo = Coffee;
		};
		BB8F7BF020DA513C00BE5CFC /* PBXContainerItemProxy */ = {
			isa = PBXContainerItemProxy;
			containerPortal = BB8F7BC420DA513B00BE5CFC /* Project object */;
			proxyType = 1;
			remoteGlobalIDString = BB8F7BCB20DA513B00BE5CFC;
			remoteInfo = Coffee;
		};
/* End PBXContainerItemProxy section */

/* Begin PBXFileReference section */
		27C3888E1688495B0D5D73D6 /* Pods_Coffee.framework */ = {isa = PBXFileReference; explicitFileType = wrapper.framework; includeInIndex = 0; path = Pods_Coffee.framework; sourceTree = BUILT_PRODUCTS_DIR; };
		720E238F8A2AE22A51FFC2D2 /* Pods-Coffee.debug.xcconfig */ = {isa = PBXFileReference; includeInIndex = 1; lastKnownFileType = text.xcconfig; name = "Pods-Coffee.debug.xcconfig"; path = "Pods/Target Support Files/Pods-Coffee/Pods-Coffee.debug.xcconfig"; sourceTree = "<group>"; };
		7BA3FAAB66A327260F196ABB /* Pods-Coffee.release.xcconfig */ = {isa = PBXFileReference; includeInIndex = 1; lastKnownFileType = text.xcconfig; name = "Pods-Coffee.release.xcconfig"; path = "Pods/Target Support Files/Pods-Coffee/Pods-Coffee.release.xcconfig"; sourceTree = "<group>"; };
		BB1C156420E1E8AD006D7053 /* UIButton+Common.m */ = {isa = PBXFileReference; fileEncoding = 4; lastKnownFileType = sourcecode.c.objc; path = "UIButton+Common.m"; sourceTree = "<group>"; };
		BB1C156520E1E8AD006D7053 /* UIButton+Common.h */ = {isa = PBXFileReference; fileEncoding = 4; lastKnownFileType = sourcecode.c.h; path = "UIButton+Common.h"; sourceTree = "<group>"; };
		BB23E561210964C20074C61B /* FeedbackViewController.h */ = {isa = PBXFileReference; lastKnownFileType = sourcecode.c.h; path = FeedbackViewController.h; sourceTree = "<group>"; };
		BB23E562210964C20074C61B /* FeedbackViewController.m */ = {isa = PBXFileReference; lastKnownFileType = sourcecode.c.objc; path = FeedbackViewController.m; sourceTree = "<group>"; };
		BB26AFB120EDC846008AE330 /* 数据.json */ = {isa = PBXFileReference; fileEncoding = 4; lastKnownFileType = text.json; path = "数据.json"; sourceTree = "<group>"; };
		BB2912002106BA65001B9448 /* UsernameViewController.h */ = {isa = PBXFileReference; lastKnownFileType = sourcecode.c.h; path = UsernameViewController.h; sourceTree = "<group>"; };
		BB2912012106BA65001B9448 /* UsernameViewController.m */ = {isa = PBXFileReference; lastKnownFileType = sourcecode.c.objc; path = UsernameViewController.m; sourceTree = "<group>"; };
		BB2912072106CCE1001B9448 /* PasswordTableViewController.h */ = {isa = PBXFileReference; fileEncoding = 4; lastKnownFileType = sourcecode.c.h; path = PasswordTableViewController.h; sourceTree = "<group>"; };
		BB2912082106CCE1001B9448 /* PasswordViewController.m */ = {isa = PBXFileReference; fileEncoding = 4; lastKnownFileType = sourcecode.c.objc; path = PasswordViewController.m; sourceTree = "<group>"; };
		BB2912092106CCE1001B9448 /* PasswordTableViewController.m */ = {isa = PBXFileReference; fileEncoding = 4; lastKnownFileType = sourcecode.c.objc; path = PasswordTableViewController.m; sourceTree = "<group>"; };
		BB29120A2106CCE1001B9448 /* Password.storyboard */ = {isa = PBXFileReference; fileEncoding = 4; lastKnownFileType = file.storyboard; path = Password.storyboard; sourceTree = "<group>"; };
		BB29120B2106CCE1001B9448 /* PasswordViewController.h */ = {isa = PBXFileReference; fileEncoding = 4; lastKnownFileType = sourcecode.c.h; path = PasswordViewController.h; sourceTree = "<group>"; };
		BB2912102106D8D5001B9448 /* GeneralViewController.h */ = {isa = PBXFileReference; lastKnownFileType = sourcecode.c.h; path = GeneralViewController.h; sourceTree = "<group>"; };
		BB2912112106D8D5001B9448 /* GeneralViewController.m */ = {isa = PBXFileReference; lastKnownFileType = sourcecode.c.objc; path = GeneralViewController.m; sourceTree = "<group>"; };
		BB2912132106FB43001B9448 /* SubtitileCell.h */ = {isa = PBXFileReference; lastKnownFileType = sourcecode.c.h; path = SubtitileCell.h; sourceTree = "<group>"; };
		BB2912142106FB43001B9448 /* SubtitileCell.m */ = {isa = PBXFileReference; lastKnownFileType = sourcecode.c.objc; path = SubtitileCell.m; sourceTree = "<group>"; };
		BB29121621071B1E001B9448 /* SettingModel.h */ = {isa = PBXFileReference; lastKnownFileType = sourcecode.c.h; path = SettingModel.h; sourceTree = "<group>"; };
		BB29121721071B1E001B9448 /* SettingModel.m */ = {isa = PBXFileReference; lastKnownFileType = sourcecode.c.objc; path = SettingModel.m; sourceTree = "<group>"; };
		BB3811F820EA1C3C00F0B2B7 /* BakeCurveViewController.h */ = {isa = PBXFileReference; lastKnownFileType = sourcecode.c.h; path = BakeCurveViewController.h; sourceTree = "<group>"; };
		BB3811F920EA1C3C00F0B2B7 /* BakeCurveViewController.m */ = {isa = PBXFileReference; lastKnownFileType = sourcecode.c.objc; path = BakeCurveViewController.m; sourceTree = "<group>"; };
		BB4C906C2105C4200023EE9B /* DataBase.h */ = {isa = PBXFileReference; lastKnownFileType = sourcecode.c.h; path = DataBase.h; sourceTree = "<group>"; };
		BB4C906D2105C4200023EE9B /* DataBase.m */ = {isa = PBXFileReference; lastKnownFileType = sourcecode.c.objc; path = DataBase.m; sourceTree = "<group>"; };
		BB52777F20F845C000D020DD /* ic_leftpop@1x.png */ = {isa = PBXFileReference; lastKnownFileType = image.png; path = "ic_leftpop@1x.png"; sourceTree = "<group>"; };
		BB52778020F845C000D020DD /* ic_leftpop@2x.png */ = {isa = PBXFileReference; lastKnownFileType = image.png; path = "ic_leftpop@2x.png"; sourceTree = "<group>"; };
		BB52778120F845C000D020DD /* ic_leftpop@3x.png */ = {isa = PBXFileReference; lastKnownFileType = image.png; path = "ic_leftpop@3x.png"; sourceTree = "<group>"; };
		BB593FA7210F172D007ECB1D /* NSDate+Common.h */ = {isa = PBXFileReference; lastKnownFileType = sourcecode.c.h; path = "NSDate+Common.h"; sourceTree = "<group>"; };
		BB593FA8210F172D007ECB1D /* NSDate+Common.m */ = {isa = PBXFileReference; lastKnownFileType = sourcecode.c.objc; path = "NSDate+Common.m"; sourceTree = "<group>"; };
		BB593FAA210F324C007ECB1D /* EventModel.h */ = {isa = PBXFileReference; lastKnownFileType = sourcecode.c.h; path = EventModel.h; sourceTree = "<group>"; };
		BB593FAB210F324C007ECB1D /* EventModel.m */ = {isa = PBXFileReference; lastKnownFileType = sourcecode.c.objc; path = EventModel.m; sourceTree = "<group>"; };
		BB5A3BEF211193180030ACA5 /* DeviceModel.h */ = {isa = PBXFileReference; lastKnownFileType = sourcecode.c.h; path = DeviceModel.h; sourceTree = "<group>"; };
		BB5A3BF0211193180030ACA5 /* DeviceModel.m */ = {isa = PBXFileReference; lastKnownFileType = sourcecode.c.objc; path = DeviceModel.m; sourceTree = "<group>"; };
		BB5E91A120FEDA3400416EE2 /* WMPageController.framework */ = {isa = PBXFileReference; explicitFileType = wrapper.framework; path = WMPageController.framework; sourceTree = BUILT_PRODUCTS_DIR; };
		BB61D755210D619E0068A0A6 /* BakeReportController.h */ = {isa = PBXFileReference; lastKnownFileType = sourcecode.c.h; path = BakeReportController.h; sourceTree = "<group>"; };
		BB61D756210D619E0068A0A6 /* BakeReportController.m */ = {isa = PBXFileReference; lastKnownFileType = sourcecode.c.objc; path = BakeReportController.m; sourceTree = "<group>"; };
		BB61D758210DC31C0068A0A6 /* ReportModel.h */ = {isa = PBXFileReference; lastKnownFileType = sourcecode.c.h; path = ReportModel.h; sourceTree = "<group>"; };
		BB61D759210DC31C0068A0A6 /* ReportModel.m */ = {isa = PBXFileReference; lastKnownFileType = sourcecode.c.objc; path = ReportModel.m; sourceTree = "<group>"; };
		BB635D1D210862E8005F42D6 /* FastEventViewController.h */ = {isa = PBXFileReference; lastKnownFileType = sourcecode.c.h; path = FastEventViewController.h; sourceTree = "<group>"; };
		BB635D1E210862E8005F42D6 /* FastEventViewController.m */ = {isa = PBXFileReference; lastKnownFileType = sourcecode.c.objc; path = FastEventViewController.m; sourceTree = "<group>"; };
		BB635D20210868AF005F42D6 /* ic_quick_event_add@1x.png */ = {isa = PBXFileReference; lastKnownFileType = image.png; path = "ic_quick_event_add@1x.png"; sourceTree = "<group>"; };
		BB635D22210868DF005F42D6 /* ic_quick_event_add@2x.png */ = {isa = PBXFileReference; lastKnownFileType = image.png; path = "ic_quick_event_add@2x.png"; sourceTree = "<group>"; };
		BB635D24210868EF005F42D6 /* ic_quick_event_add@3x.png */ = {isa = PBXFileReference; lastKnownFileType = image.png; path = "ic_quick_event_add@3x.png"; sourceTree = "<group>"; };
		BB635D262108781C005F42D6 /* CurveColorViewController.h */ = {isa = PBXFileReference; lastKnownFileType = sourcecode.c.h; path = CurveColorViewController.h; sourceTree = "<group>"; };
		BB635D272108781C005F42D6 /* CurveColorViewController.m */ = {isa = PBXFileReference; lastKnownFileType = sourcecode.c.objc; path = CurveColorViewController.m; sourceTree = "<group>"; };
		BB635D292108794B005F42D6 /* CurveColorCell.h */ = {isa = PBXFileReference; lastKnownFileType = sourcecode.c.h; path = CurveColorCell.h; sourceTree = "<group>"; };
		BB635D2A2108794B005F42D6 /* CurveColorCell.m */ = {isa = PBXFileReference; lastKnownFileType = sourcecode.c.objc; path = CurveColorCell.m; sourceTree = "<group>"; };
		BB65C24B20FD8F0300BB684E /* tick@1x.png */ = {isa = PBXFileReference; lastKnownFileType = image.png; path = "tick@1x.png"; sourceTree = "<group>"; };
		BB65C24C20FD8F0300BB684E /* tick@2x.png */ = {isa = PBXFileReference; lastKnownFileType = image.png; path = "tick@2x.png"; sourceTree = "<group>"; };
		BB65C24D20FD8F0400BB684E /* untick@1x.png */ = {isa = PBXFileReference; lastKnownFileType = image.png; path = "untick@1x.png"; sourceTree = "<group>"; };
		BB65C24E20FD8F0400BB684E /* untick@3x.png */ = {isa = PBXFileReference; lastKnownFileType = image.png; path = "untick@3x.png"; sourceTree = "<group>"; };
		BB65C24F20FD8F0400BB684E /* tick@3x.png */ = {isa = PBXFileReference; lastKnownFileType = image.png; path = "tick@3x.png"; sourceTree = "<group>"; };
		BB65C25020FD8F0400BB684E /* untick@2x.png */ = {isa = PBXFileReference; lastKnownFileType = image.png; path = "untick@2x.png"; sourceTree = "<group>"; };
		BB65C25720FDF00000BB684E /* BeanModel.h */ = {isa = PBXFileReference; lastKnownFileType = sourcecode.c.h; path = BeanModel.h; sourceTree = "<group>"; };
		BB65C25820FDF00000BB684E /* BeanModel.m */ = {isa = PBXFileReference; lastKnownFileType = sourcecode.c.objc; path = BeanModel.m; sourceTree = "<group>"; };
		BB65C25B20FE129200BB684E /* CurveViewController.h */ = {isa = PBXFileReference; lastKnownFileType = sourcecode.c.h; path = CurveViewController.h; sourceTree = "<group>"; };
		BB65C25C20FE129200BB684E /* CurveViewController.m */ = {isa = PBXFileReference; lastKnownFileType = sourcecode.c.objc; path = CurveViewController.m; sourceTree = "<group>"; };
		BB69CA7120ECBB490032F126 /* NSObject+Common.h */ = {isa = PBXFileReference; fileEncoding = 4; lastKnownFileType = sourcecode.c.h; path = "NSObject+Common.h"; sourceTree = "<group>"; };
		BB69CA7220ECBB490032F126 /* NSObject+Common.m */ = {isa = PBXFileReference; fileEncoding = 4; lastKnownFileType = sourcecode.c.objc; path = "NSObject+Common.m"; sourceTree = "<group>"; };
		BB6A555C20FCCA3D0013C3C1 /* AddBeanTableViewCell.h */ = {isa = PBXFileReference; lastKnownFileType = sourcecode.c.h; path = AddBeanTableViewCell.h; sourceTree = "<group>"; };
		BB6A555D20FCCA3D0013C3C1 /* AddBeanTableViewCell.m */ = {isa = PBXFileReference; lastKnownFileType = sourcecode.c.objc; path = AddBeanTableViewCell.m; sourceTree = "<group>"; };
		BB6A555F20FCCD8E0013C3C1 /* ic_bake_dialog_delete@1x.png */ = {isa = PBXFileReference; lastKnownFileType = image.png; path = "ic_bake_dialog_delete@1x.png"; sourceTree = "<group>"; };
		BB6A556120FCCDA90013C3C1 /* ic_bake_dialog_delete@2x.png */ = {isa = PBXFileReference; lastKnownFileType = image.png; path = "ic_bake_dialog_delete@2x.png"; sourceTree = "<group>"; };
		BB6A556320FCCDC30013C3C1 /* ic_bake_dialog_delete@3x.png */ = {isa = PBXFileReference; lastKnownFileType = image.png; path = "ic_bake_dialog_delete@3x.png"; sourceTree = "<group>"; };
		BB6A784320E32A4D00EE3E2E /* DeviceTableViewCell.h */ = {isa = PBXFileReference; lastKnownFileType = sourcecode.c.h; path = DeviceTableViewCell.h; sourceTree = "<group>"; };
		BB6A784420E32A4D00EE3E2E /* DeviceTableViewCell.m */ = {isa = PBXFileReference; lastKnownFileType = sourcecode.c.objc; path = DeviceTableViewCell.m; sourceTree = "<group>"; };
		BB6A784520E32A4D00EE3E2E /* DeviceTableViewCell.xib */ = {isa = PBXFileReference; lastKnownFileType = file.xib; path = DeviceTableViewCell.xib; sourceTree = "<group>"; };
		BB6A784920E36E7200EE3E2E /* BaseViewController.h */ = {isa = PBXFileReference; lastKnownFileType = sourcecode.c.h; path = BaseViewController.h; sourceTree = "<group>"; };
		BB6A784A20E36E7200EE3E2E /* BaseViewController.m */ = {isa = PBXFileReference; lastKnownFileType = sourcecode.c.objc; path = BaseViewController.m; sourceTree = "<group>"; };
		BB6AD21521007D15008C8763 /* MineViewController.h */ = {isa = PBXFileReference; lastKnownFileType = sourcecode.c.h; path = MineViewController.h; sourceTree = "<group>"; };
		BB6AD21621007D15008C8763 /* MineViewController.m */ = {isa = PBXFileReference; lastKnownFileType = sourcecode.c.objc; path = MineViewController.m; sourceTree = "<group>"; };
		BB6AD21C2100B706008C8763 /* AccountViewController.h */ = {isa = PBXFileReference; lastKnownFileType = sourcecode.c.h; path = AccountViewController.h; sourceTree = "<group>"; };
		BB6AD21D2100B706008C8763 /* AccountViewController.m */ = {isa = PBXFileReference; lastKnownFileType = sourcecode.c.objc; path = AccountViewController.m; sourceTree = "<group>"; };
		BB6AD21F2100C058008C8763 /* LlabelRlabelCell.h */ = {isa = PBXFileReference; lastKnownFileType = sourcecode.c.h; path = LlabelRlabelCell.h; sourceTree = "<group>"; };
		BB6AD2202100C058008C8763 /* LlabelRlabelCell.m */ = {isa = PBXFileReference; lastKnownFileType = sourcecode.c.objc; path = LlabelRlabelCell.m; sourceTree = "<group>"; };
		BB6AD2232100C182008C8763 /* LlabelRImageCell.h */ = {isa = PBXFileReference; lastKnownFileType = sourcecode.c.h; path = LlabelRImageCell.h; sourceTree = "<group>"; };
		BB6AD2242100C182008C8763 /* LlabelRImageCell.m */ = {isa = PBXFileReference; lastKnownFileType = sourcecode.c.objc; path = LlabelRImageCell.m; sourceTree = "<group>"; };
		BB712ABB20E47F49005FF10F /* NetWork.h */ = {isa = PBXFileReference; lastKnownFileType = sourcecode.c.h; path = NetWork.h; sourceTree = "<group>"; };
		BB712ABC20E47F49005FF10F /* NetWork.m */ = {isa = PBXFileReference; lastKnownFileType = sourcecode.c.objc; path = NetWork.m; sourceTree = "<group>"; };
		BB8A9F7A20DE3F5100610316 /* ic_navbar_bean.png */ = {isa = PBXFileReference; lastKnownFileType = image.png; path = ic_navbar_bean.png; sourceTree = "<group>"; };
		BB8A9F8E20DE3F5100610316 /* ic_navbar_bake_selected.png */ = {isa = PBXFileReference; lastKnownFileType = image.png; path = ic_navbar_bake_selected.png; sourceTree = "<group>"; };
		BB8A9FA320DE3F5100610316 /* ic_navbar_cup_selected.png */ = {isa = PBXFileReference; lastKnownFileType = image.png; path = ic_navbar_cup_selected.png; sourceTree = "<group>"; };
		BB8A9FA620DE3F5100610316 /* ic_navbar_bean_selected.png */ = {isa = PBXFileReference; lastKnownFileType = image.png; path = ic_navbar_bean_selected.png; sourceTree = "<group>"; };
		BB8A9FBA20DE3F5100610316 /* ic_navbar_cup.png */ = {isa = PBXFileReference; lastKnownFileType = image.png; path = ic_navbar_cup.png; sourceTree = "<group>"; };
		BB8A9FBB20DE3F5100610316 /* ic_navbar_mine.png */ = {isa = PBXFileReference; lastKnownFileType = image.png; path = ic_navbar_mine.png; sourceTree = "<group>"; };
		BB8A9FD820DE3F5100610316 /* ic_navbar_bake.png */ = {isa = PBXFileReference; lastKnownFileType = image.png; path = ic_navbar_bake.png; sourceTree = "<group>"; };
		BB8A9FF020DE3F5100610316 /* ic_navbar_mine_selected.png */ = {isa = PBXFileReference; lastKnownFileType = image.png; path = ic_navbar_mine_selected.png; sourceTree = "<group>"; };
		BB8AA00420DE3F5100610316 /* ic_navbar_bean@2x.png */ = {isa = PBXFileReference; lastKnownFileType = image.png; path = "ic_navbar_bean@2x.png"; sourceTree = "<group>"; };
		BB8AA00720DE3F5100610316 /* ic_navbar_community@2x.png */ = {isa = PBXFileReference; lastKnownFileType = image.png; path = "ic_navbar_community@2x.png"; sourceTree = "<group>"; };
		BB8AA01820DE3F5200610316 /* ic_navbar_bake_selected@2x.png */ = {isa = PBXFileReference; lastKnownFileType = image.png; path = "ic_navbar_bake_selected@2x.png"; sourceTree = "<group>"; };
		BB8AA02D20DE3F5200610316 /* ic_navbar_cup_selected@2x.png */ = {isa = PBXFileReference; lastKnownFileType = image.png; path = "ic_navbar_cup_selected@2x.png"; sourceTree = "<group>"; };
		BB8AA03020DE3F5200610316 /* ic_navbar_bean_selected@2x.png */ = {isa = PBXFileReference; lastKnownFileType = image.png; path = "ic_navbar_bean_selected@2x.png"; sourceTree = "<group>"; };
		BB8AA04420DE3F5200610316 /* ic_navbar_cup@2x.png */ = {isa = PBXFileReference; lastKnownFileType = image.png; path = "ic_navbar_cup@2x.png"; sourceTree = "<group>"; };
		BB8AA04520DE3F5200610316 /* ic_navbar_mine@2x.png */ = {isa = PBXFileReference; lastKnownFileType = image.png; path = "ic_navbar_mine@2x.png"; sourceTree = "<group>"; };
		BB8AA06220DE3F5200610316 /* ic_navbar_bake@2x.png */ = {isa = PBXFileReference; lastKnownFileType = image.png; path = "ic_navbar_bake@2x.png"; sourceTree = "<group>"; };
		BB8AA07620DE3F5200610316 /* ic_navbar_community_selected@2x.png */ = {isa = PBXFileReference; lastKnownFileType = image.png; path = "ic_navbar_community_selected@2x.png"; sourceTree = "<group>"; };
		BB8AA07A20DE3F5200610316 /* ic_navbar_mine_selected@2x.png */ = {isa = PBXFileReference; lastKnownFileType = image.png; path = "ic_navbar_mine_selected@2x.png"; sourceTree = "<group>"; };
		BB8AA1A320DE3F5200610316 /* ic_navbar_bean@3x.png */ = {isa = PBXFileReference; lastKnownFileType = image.png; path = "ic_navbar_bean@3x.png"; sourceTree = "<group>"; };
		BB8AA1B420DE3F5200610316 /* ic_navbar_bake_selected@3x.png */ = {isa = PBXFileReference; lastKnownFileType = image.png; path = "ic_navbar_bake_selected@3x.png"; sourceTree = "<group>"; };
		BB8AA1C320DE3F5200610316 /* ic_navbar_cup_selected@3x.png */ = {isa = PBXFileReference; lastKnownFileType = image.png; path = "ic_navbar_cup_selected@3x.png"; sourceTree = "<group>"; };
		BB8AA1C520DE3F5200610316 /* ic_navbar_bean_selected@3x.png */ = {isa = PBXFileReference; lastKnownFileType = image.png; path = "ic_navbar_bean_selected@3x.png"; sourceTree = "<group>"; };
		BB8AA1D220DE3F5200610316 /* ic_navbar_cup@3x.png */ = {isa = PBXFileReference; lastKnownFileType = image.png; path = "ic_navbar_cup@3x.png"; sourceTree = "<group>"; };
		BB8AA1D320DE3F5200610316 /* ic_navbar_mine@3x.png */ = {isa = PBXFileReference; lastKnownFileType = image.png; path = "ic_navbar_mine@3x.png"; sourceTree = "<group>"; };
		BB8AA1EB20DE3F5200610316 /* ic_navbar_bake@3x.png */ = {isa = PBXFileReference; lastKnownFileType = image.png; path = "ic_navbar_bake@3x.png"; sourceTree = "<group>"; };
		BB8AA1FD20DE3F5200610316 /* ic_navbar_mine_selected@3x.png */ = {isa = PBXFileReference; lastKnownFileType = image.png; path = "ic_navbar_mine_selected@3x.png"; sourceTree = "<group>"; };
		BB8AA49720DE42C600610316 /* Coffee-Prefix.pch */ = {isa = PBXFileReference; lastKnownFileType = sourcecode.c.h; path = "Coffee-Prefix.pch"; sourceTree = "<group>"; };
		BB8AA49820DE475200610316 /* BakeViewController.h */ = {isa = PBXFileReference; lastKnownFileType = sourcecode.c.h; path = BakeViewController.h; sourceTree = "<group>"; };
		BB8AA49920DE475200610316 /* BakeViewController.m */ = {isa = PBXFileReference; lastKnownFileType = sourcecode.c.objc; path = BakeViewController.m; sourceTree = "<group>"; };
		BB8AA49C20DFAFC600610316 /* DeviceViewController.h */ = {isa = PBXFileReference; lastKnownFileType = sourcecode.c.h; path = DeviceViewController.h; sourceTree = "<group>"; };
		BB8AA49D20DFAFC600610316 /* DeviceViewController.m */ = {isa = PBXFileReference; lastKnownFileType = sourcecode.c.objc; path = DeviceViewController.m; sourceTree = "<group>"; };
		BB8AA49F20DFB18B00610316 /* ic_details.png */ = {isa = PBXFileReference; lastKnownFileType = image.png; path = ic_details.png; sourceTree = "<group>"; };
		BB8AA4A120DFB19800610316 /* ic_details@2x.png */ = {isa = PBXFileReference; lastKnownFileType = image.png; path = "ic_details@2x.png"; sourceTree = "<group>"; };
		BB8AA4A320DFB25900610316 /* EspViewController.h */ = {isa = PBXFileReference; lastKnownFileType = sourcecode.c.h; path = EspViewController.h; sourceTree = "<group>"; };
		BB8AA4A420DFB25900610316 /* EspViewController.m */ = {isa = PBXFileReference; lastKnownFileType = sourcecode.c.objc; path = EspViewController.m; sourceTree = "<group>"; };
		BB8AA4A720DFB9C900610316 /* ESPGuideCode.m */ = {isa = PBXFileReference; fileEncoding = 4; lastKnownFileType = sourcecode.c.objc; path = ESPGuideCode.m; sourceTree = "<group>"; };
		BB8AA4A820DFB9C900610316 /* ESPTouchResult.m */ = {isa = PBXFileReference; fileEncoding = 4; lastKnownFileType = sourcecode.c.objc; path = ESPTouchResult.m; sourceTree = "<group>"; };
		BB8AA4A920DFB9C900610316 /* ESPTouchTaskParameter.h */ = {isa = PBXFileReference; fileEncoding = 4; lastKnownFileType = sourcecode.c.h; path = ESPTouchTaskParameter.h; sourceTree = "<group>"; };
		BB8AA4AA20DFB9C900610316 /* ESPUDPSocketClient.h */ = {isa = PBXFileReference; fileEncoding = 4; lastKnownFileType = sourcecode.c.h; path = ESPUDPSocketClient.h; sourceTree = "<group>"; };
		BB8AA4AB20DFB9C900610316 /* ESP_NetUtil.m */ = {isa = PBXFileReference; fileEncoding = 4; lastKnownFileType = sourcecode.c.objc; path = ESP_NetUtil.m; sourceTree = "<group>"; };
		BB8AA4AC20DFB9C900610316 /* ESP_ByteUtil.m */ = {isa = PBXFileReference; fileEncoding = 4; lastKnownFileType = sourcecode.c.objc; path = ESP_ByteUtil.m; sourceTree = "<group>"; };
		BB8AA4AD20DFB9C900610316 /* ESP_WifiUtil.m */ = {isa = PBXFileReference; fileEncoding = 4; lastKnownFileType = sourcecode.c.objc; path = ESP_WifiUtil.m; sourceTree = "<group>"; };
		BB8AA4AE20DFB9C900610316 /* ESPTouchGenerator.m */ = {isa = PBXFileReference; fileEncoding = 4; lastKnownFileType = sourcecode.c.objc; path = ESPTouchGenerator.m; sourceTree = "<group>"; };
		BB8AA4AF20DFB9C900610316 /* ESP_CRC8.m */ = {isa = PBXFileReference; fileEncoding = 4; lastKnownFileType = sourcecode.c.objc; path = ESP_CRC8.m; sourceTree = "<group>"; };
		BB8AA4B020DFB9C900610316 /* ESPVersionMacro.h */ = {isa = PBXFileReference; fileEncoding = 4; lastKnownFileType = sourcecode.c.h; path = ESPVersionMacro.h; sourceTree = "<group>"; };
		BB8AA4B120DFB9C900610316 /* ESPUDPSocketServer.m */ = {isa = PBXFileReference; fileEncoding = 4; lastKnownFileType = sourcecode.c.objc; path = ESPUDPSocketServer.m; sourceTree = "<group>"; };
		BB8AA4B220DFB9C900610316 /* ESPDataCode.h */ = {isa = PBXFileReference; fileEncoding = 4; lastKnownFileType = sourcecode.c.h; path = ESPDataCode.h; sourceTree = "<group>"; };
		BB8AA4B320DFB9C900610316 /* ESPDatumCode.h */ = {isa = PBXFileReference; fileEncoding = 4; lastKnownFileType = sourcecode.c.h; path = ESPDatumCode.h; sourceTree = "<group>"; };
		BB8AA4B420DFB9C900610316 /* ESPTouchTask.h */ = {isa = PBXFileReference; fileEncoding = 4; lastKnownFileType = sourcecode.c.h; path = ESPTouchTask.h; sourceTree = "<group>"; };
		BB8AA4B520DFB9C900610316 /* ESPAES.h */ = {isa = PBXFileReference; fileEncoding = 4; lastKnownFileType = sourcecode.c.h; path = ESPAES.h; sourceTree = "<group>"; };
		BB8AA4B620DFB9C900610316 /* ESPTouchResult.h */ = {isa = PBXFileReference; fileEncoding = 4; lastKnownFileType = sourcecode.c.h; path = ESPTouchResult.h; sourceTree = "<group>"; };
		BB8AA4B720DFB9C900610316 /* ESPTouchDelegate.h */ = {isa = PBXFileReference; fileEncoding = 4; lastKnownFileType = sourcecode.c.h; path = ESPTouchDelegate.h; sourceTree = "<group>"; };
		BB8AA4B820DFB9C900610316 /* ESPGuideCode.h */ = {isa = PBXFileReference; fileEncoding = 4; lastKnownFileType = sourcecode.c.h; path = ESPGuideCode.h; sourceTree = "<group>"; };
		BB8AA4B920DFB9C900610316 /* ESP_NetUtil.h */ = {isa = PBXFileReference; fileEncoding = 4; lastKnownFileType = sourcecode.c.h; path = ESP_NetUtil.h; sourceTree = "<group>"; };
		BB8AA4BA20DFB9C900610316 /* ESP_ByteUtil.h */ = {isa = PBXFileReference; fileEncoding = 4; lastKnownFileType = sourcecode.c.h; path = ESP_ByteUtil.h; sourceTree = "<group>"; };
		BB8AA4BB20DFB9C900610316 /* ESPUDPSocketClient.m */ = {isa = PBXFileReference; fileEncoding = 4; lastKnownFileType = sourcecode.c.objc; path = ESPUDPSocketClient.m; sourceTree = "<group>"; };
		BB8AA4BC20DFB9C900610316 /* ESPTouchTaskParameter.m */ = {isa = PBXFileReference; fileEncoding = 4; lastKnownFileType = sourcecode.c.objc; path = ESPTouchTaskParameter.m; sourceTree = "<group>"; };
		BB8AA4BD20DFB9C900610316 /* ESPDataCode.m */ = {isa = PBXFileReference; fileEncoding = 4; lastKnownFileType = sourcecode.c.objc; path = ESPDataCode.m; sourceTree = "<group>"; };
		BB8AA4BE20DFB9C900610316 /* ESPUDPSocketServer.h */ = {isa = PBXFileReference; fileEncoding = 4; lastKnownFileType = sourcecode.c.h; path = ESPUDPSocketServer.h; sourceTree = "<group>"; };
		BB8AA4BF20DFB9C900610316 /* ESP_CRC8.h */ = {isa = PBXFileReference; fileEncoding = 4; lastKnownFileType = sourcecode.c.h; path = ESP_CRC8.h; sourceTree = "<group>"; };
		BB8AA4C020DFB9C900610316 /* ESPTouchGenerator.h */ = {isa = PBXFileReference; fileEncoding = 4; lastKnownFileType = sourcecode.c.h; path = ESPTouchGenerator.h; sourceTree = "<group>"; };
		BB8AA4C120DFB9C900610316 /* ESP_WifiUtil.h */ = {isa = PBXFileReference; fileEncoding = 4; lastKnownFileType = sourcecode.c.h; path = ESP_WifiUtil.h; sourceTree = "<group>"; };
		BB8AA4C220DFB9C900610316 /* ESPAES.m */ = {isa = PBXFileReference; fileEncoding = 4; lastKnownFileType = sourcecode.c.objc; path = ESPAES.m; sourceTree = "<group>"; };
		BB8AA4C320DFB9C900610316 /* ESPTouchTask.m */ = {isa = PBXFileReference; fileEncoding = 4; lastKnownFileType = sourcecode.c.objc; path = ESPTouchTask.m; sourceTree = "<group>"; };
		BB8AA4C420DFB9C900610316 /* ESPDatumCode.m */ = {isa = PBXFileReference; fileEncoding = 4; lastKnownFileType = sourcecode.c.objc; path = ESPDatumCode.m; sourceTree = "<group>"; };
		BB8AA4D520DFBFA400610316 /* TouchTableView.h */ = {isa = PBXFileReference; fileEncoding = 4; lastKnownFileType = sourcecode.c.h; path = TouchTableView.h; sourceTree = "<group>"; };
		BB8AA4D620DFBFA400610316 /* TouchTableView.m */ = {isa = PBXFileReference; fileEncoding = 4; lastKnownFileType = sourcecode.c.objc; path = TouchTableView.m; sourceTree = "<group>"; };
		BB8AA4DC20DFC96A00610316 /* SSIDTableViewCell.h */ = {isa = PBXFileReference; lastKnownFileType = sourcecode.c.h; path = SSIDTableViewCell.h; sourceTree = "<group>"; };
		BB8AA4DD20DFC96A00610316 /* SSIDTableViewCell.m */ = {isa = PBXFileReference; lastKnownFileType = sourcecode.c.objc; path = SSIDTableViewCell.m; sourceTree = "<group>"; };
		BB8AA4DE20DFC96A00610316 /* SSIDTableViewCell.xib */ = {isa = PBXFileReference; lastKnownFileType = file.xib; path = SSIDTableViewCell.xib; sourceTree = "<group>"; };
		BB8AA4E120DFCA1C00610316 /* PasswordTableViewCell.h */ = {isa = PBXFileReference; lastKnownFileType = sourcecode.c.h; path = PasswordTableViewCell.h; sourceTree = "<group>"; };
		BB8AA4E220DFCA1C00610316 /* PasswordTableViewCell.m */ = {isa = PBXFileReference; lastKnownFileType = sourcecode.c.objc; path = PasswordTableViewCell.m; sourceTree = "<group>"; };
		BB8AA4E320DFCA1C00610316 /* PasswordTableViewCell.xib */ = {isa = PBXFileReference; lastKnownFileType = file.xib; path = PasswordTableViewCell.xib; sourceTree = "<group>"; };
		BB8AA4E620DFD18D00610316 /* UIColor+ColorChange.h */ = {isa = PBXFileReference; fileEncoding = 4; lastKnownFileType = sourcecode.c.h; path = "UIColor+ColorChange.h"; sourceTree = "<group>"; };
		BB8AA4E720DFD18D00610316 /* UIColor+ColorChange.m */ = {isa = PBXFileReference; fileEncoding = 4; lastKnownFileType = sourcecode.c.objc; path = "UIColor+ColorChange.m"; sourceTree = "<group>"; };
		BB8F7BCC20DA513B00BE5CFC /* Coffee.app */ = {isa = PBXFileReference; explicitFileType = wrapper.application; includeInIndex = 0; path = Coffee.app; sourceTree = BUILT_PRODUCTS_DIR; };
		BB8F7BCF20DA513B00BE5CFC /* AppDelegate.h */ = {isa = PBXFileReference; lastKnownFileType = sourcecode.c.h; path = AppDelegate.h; sourceTree = "<group>"; };
		BB8F7BD020DA513B00BE5CFC /* AppDelegate.m */ = {isa = PBXFileReference; lastKnownFileType = sourcecode.c.objc; path = AppDelegate.m; sourceTree = "<group>"; };
		BB8F7BD620DA513B00BE5CFC /* Base */ = {isa = PBXFileReference; lastKnownFileType = file.storyboard; name = Base; path = Base.lproj/Main.storyboard; sourceTree = "<group>"; };
		BB8F7BD820DA513B00BE5CFC /* Assets.xcassets */ = {isa = PBXFileReference; lastKnownFileType = folder.assetcatalog; path = Assets.xcassets; sourceTree = "<group>"; };
		BB8F7BDB20DA513B00BE5CFC /* Base */ = {isa = PBXFileReference; lastKnownFileType = file.storyboard; name = Base; path = Base.lproj/LaunchScreen.storyboard; sourceTree = "<group>"; };
		BB8F7BDD20DA513B00BE5CFC /* Info.plist */ = {isa = PBXFileReference; lastKnownFileType = text.plist.xml; path = Info.plist; sourceTree = "<group>"; };
		BB8F7BDE20DA513B00BE5CFC /* main.m */ = {isa = PBXFileReference; lastKnownFileType = sourcecode.c.objc; path = main.m; sourceTree = "<group>"; };
		BB8F7BE420DA513C00BE5CFC /* CoffeeTests.xctest */ = {isa = PBXFileReference; explicitFileType = wrapper.cfbundle; includeInIndex = 0; path = CoffeeTests.xctest; sourceTree = BUILT_PRODUCTS_DIR; };
		BB8F7BE820DA513C00BE5CFC /* CoffeeTests.m */ = {isa = PBXFileReference; lastKnownFileType = sourcecode.c.objc; path = CoffeeTests.m; sourceTree = "<group>"; };
		BB8F7BEA20DA513C00BE5CFC /* Info.plist */ = {isa = PBXFileReference; lastKnownFileType = text.plist.xml; path = Info.plist; sourceTree = "<group>"; };
		BB8F7BEF20DA513C00BE5CFC /* CoffeeUITests.xctest */ = {isa = PBXFileReference; explicitFileType = wrapper.cfbundle; includeInIndex = 0; path = CoffeeUITests.xctest; sourceTree = BUILT_PRODUCTS_DIR; };
		BB8F7BF320DA513C00BE5CFC /* CoffeeUITests.m */ = {isa = PBXFileReference; lastKnownFileType = sourcecode.c.objc; path = CoffeeUITests.m; sourceTree = "<group>"; };
		BB8F7BF520DA513C00BE5CFC /* Info.plist */ = {isa = PBXFileReference; lastKnownFileType = text.plist.xml; path = Info.plist; sourceTree = "<group>"; };
		BB94EA9A20DB8CE700370A95 /* RDVTabBar.m */ = {isa = PBXFileReference; fileEncoding = 4; lastKnownFileType = sourcecode.c.objc; path = RDVTabBar.m; sourceTree = "<group>"; };
		BB94EA9B20DB8CE700370A95 /* RDVTabBarController.h */ = {isa = PBXFileReference; fileEncoding = 4; lastKnownFileType = sourcecode.c.h; path = RDVTabBarController.h; sourceTree = "<group>"; };
		BB94EA9C20DB8CE700370A95 /* RDVTabBarItem.h */ = {isa = PBXFileReference; fileEncoding = 4; lastKnownFileType = sourcecode.c.h; path = RDVTabBarItem.h; sourceTree = "<group>"; };
		BB94EA9D20DB8CE700370A95 /* RDVTabBar.h */ = {isa = PBXFileReference; fileEncoding = 4; lastKnownFileType = sourcecode.c.h; path = RDVTabBar.h; sourceTree = "<group>"; };
		BB94EA9E20DB8CE700370A95 /* RDVTabBarController.m */ = {isa = PBXFileReference; fileEncoding = 4; lastKnownFileType = sourcecode.c.objc; path = RDVTabBarController.m; sourceTree = "<group>"; };
		BB94EA9F20DB8CE700370A95 /* RDVTabBarItem.m */ = {isa = PBXFileReference; fileEncoding = 4; lastKnownFileType = sourcecode.c.objc; path = RDVTabBarItem.m; sourceTree = "<group>"; };
		BB94EAA320DBA9C800370A95 /* MainViewController.h */ = {isa = PBXFileReference; lastKnownFileType = sourcecode.c.h; path = MainViewController.h; sourceTree = "<group>"; };
		BB94EAA420DBA9C800370A95 /* MainViewController.m */ = {isa = PBXFileReference; lastKnownFileType = sourcecode.c.objc; path = MainViewController.m; sourceTree = "<group>"; };
		BBC4AB852103347100F49BDC /* libsqlite3.tbd */ = {isa = PBXFileReference; lastKnownFileType = "sourcecode.text-based-dylib-definition"; name = libsqlite3.tbd; path = usr/lib/libsqlite3.tbd; sourceTree = SDKROOT; };
		BBC695EF20F5B31A006628E0 /* ic_mine_history_line@2x.png */ = {isa = PBXFileReference; lastKnownFileType = image.png; path = "ic_mine_history_line@2x.png"; sourceTree = "<group>"; };
		BBC695F120F5B334006628E0 /* ic_mine_history_line.png */ = {isa = PBXFileReference; lastKnownFileType = image.png; path = ic_mine_history_line.png; sourceTree = "<group>"; };
		BBED09AA20F7354200D6010A /* ic_bake_bean.png */ = {isa = PBXFileReference; lastKnownFileType = image.png; path = ic_bake_bean.png; sourceTree = "<group>"; };
		BBED09AB20F7354200D6010A /* ic_baked.png */ = {isa = PBXFileReference; lastKnownFileType = image.png; path = ic_baked.png; sourceTree = "<group>"; };
		BBED09AC20F7354200D6010A /* ic_bake_baking_outwind.png */ = {isa = PBXFileReference; lastKnownFileType = image.png; path = ic_bake_baking_outwind.png; sourceTree = "<group>"; };
		BBED09AD20F7354200D6010A /* ic_bake_baking_inwind.png */ = {isa = PBXFileReference; lastKnownFileType = image.png; path = ic_bake_baking_inwind.png; sourceTree = "<group>"; };
		BBED09B220F7355E00D6010A /* ic_bake_baking_inwind@2x.png */ = {isa = PBXFileReference; lastKnownFileType = image.png; path = "ic_bake_baking_inwind@2x.png"; sourceTree = "<group>"; };
		BBED09B320F7355E00D6010A /* ic_bake_baking_outwind@2x.png */ = {isa = PBXFileReference; lastKnownFileType = image.png; path = "ic_bake_baking_outwind@2x.png"; sourceTree = "<group>"; };
		BBED09B420F7355E00D6010A /* ic_bake_bean@2x.png */ = {isa = PBXFileReference; lastKnownFileType = image.png; path = "ic_bake_bean@2x.png"; sourceTree = "<group>"; };
		BBED09B520F7355E00D6010A /* ic_baked@2x.png */ = {isa = PBXFileReference; lastKnownFileType = image.png; path = "ic_baked@2x.png"; sourceTree = "<group>"; };
		BBFE861020E62FDF005C6CE5 /* DeviceSelectView.h */ = {isa = PBXFileReference; lastKnownFileType = sourcecode.c.h; path = DeviceSelectView.h; sourceTree = "<group>"; };
		BBFE861120E62FDF005C6CE5 /* DeviceSelectView.m */ = {isa = PBXFileReference; lastKnownFileType = sourcecode.c.objc; path = DeviceSelectView.m; sourceTree = "<group>"; };
		BBFE861320E62FF3005C6CE5 /* DeviceConfirmView.h */ = {isa = PBXFileReference; lastKnownFileType = sourcecode.c.h; path = DeviceConfirmView.h; sourceTree = "<group>"; };
		BBFE861420E62FF3005C6CE5 /* DeviceConfirmView.m */ = {isa = PBXFileReference; lastKnownFileType = sourcecode.c.objc; path = DeviceConfirmView.m; sourceTree = "<group>"; };
		BBFE861620E63027005C6CE5 /* DeviceConnectView.h */ = {isa = PBXFileReference; lastKnownFileType = sourcecode.c.h; path = DeviceConnectView.h; sourceTree = "<group>"; };
		BBFE861720E63027005C6CE5 /* DeviceConnectView.m */ = {isa = PBXFileReference; lastKnownFileType = sourcecode.c.objc; path = DeviceConnectView.m; sourceTree = "<group>"; };
/* End PBXFileReference section */

/* Begin PBXFrameworksBuildPhase section */
		BB8F7BC920DA513B00BE5CFC /* Frameworks */ = {
			isa = PBXFrameworksBuildPhase;
			buildActionMask = 2147483647;
			files = (
				BBC4AB862103347100F49BDC /* libsqlite3.tbd in Frameworks */,
				258879339880B16366F53ED6 /* Pods_Coffee.framework in Frameworks */,
			);
			runOnlyForDeploymentPostprocessing = 0;
		};
		BB8F7BE120DA513C00BE5CFC /* Frameworks */ = {
			isa = PBXFrameworksBuildPhase;
			buildActionMask = 2147483647;
			files = (
			);
			runOnlyForDeploymentPostprocessing = 0;
		};
		BB8F7BEC20DA513C00BE5CFC /* Frameworks */ = {
			isa = PBXFrameworksBuildPhase;
			buildActionMask = 2147483647;
			files = (
			);
			runOnlyForDeploymentPostprocessing = 0;
		};
/* End PBXFrameworksBuildPhase section */

/* Begin PBXGroup section */
		383EC9357D9B009D0BE53003 /* Frameworks */ = {
			isa = PBXGroup;
			children = (
				BBC4AB852103347100F49BDC /* libsqlite3.tbd */,
				BB5E91A120FEDA3400416EE2 /* WMPageController.framework */,
				27C3888E1688495B0D5D73D6 /* Pods_Coffee.framework */,
			);
			name = Frameworks;
			sourceTree = "<group>";
		};
		BB26AFB020EDC846008AE330 /* SourceFile */ = {
			isa = PBXGroup;
			children = (
				BB26AFB120EDC846008AE330 /* 数据.json */,
			);
			path = SourceFile;
			sourceTree = "<group>";
		};
		BB2912062106CC89001B9448 /* Account */ = {
			isa = PBXGroup;
			children = (
				BB6AD21C2100B706008C8763 /* AccountViewController.h */,
				BB6AD21D2100B706008C8763 /* AccountViewController.m */,
				BB2912002106BA65001B9448 /* UsernameViewController.h */,
				BB2912012106BA65001B9448 /* UsernameViewController.m */,
				BB29120A2106CCE1001B9448 /* Password.storyboard */,
				BB2912072106CCE1001B9448 /* PasswordTableViewController.h */,
				BB2912092106CCE1001B9448 /* PasswordTableViewController.m */,
				BB29120B2106CCE1001B9448 /* PasswordViewController.h */,
				BB2912082106CCE1001B9448 /* PasswordViewController.m */,
			);
			path = Account;
			sourceTree = "<group>";
		};
		BB29120F2106D8B1001B9448 /* General */ = {
			isa = PBXGroup;
			children = (
				BB2912102106D8D5001B9448 /* GeneralViewController.h */,
				BB2912112106D8D5001B9448 /* GeneralViewController.m */,
				BB635D1D210862E8005F42D6 /* FastEventViewController.h */,
				BB635D1E210862E8005F42D6 /* FastEventViewController.m */,
				BB635D262108781C005F42D6 /* CurveColorViewController.h */,
				BB635D272108781C005F42D6 /* CurveColorViewController.m */,
			);
			path = General;
			sourceTree = "<group>";
		};
		BB4C906B2105C4010023EE9B /* DataBase */ = {
			isa = PBXGroup;
			children = (
				BB4C906C2105C4200023EE9B /* DataBase.h */,
				BB4C906D2105C4200023EE9B /* DataBase.m */,
			);
			path = DataBase;
			sourceTree = "<group>";
		};
		BB65C25A20FE120200BB684E /* Curve */ = {
			isa = PBXGroup;
			children = (
				BB65C25B20FE129200BB684E /* CurveViewController.h */,
				BB65C25C20FE129200BB684E /* CurveViewController.m */,
				BB61D755210D619E0068A0A6 /* BakeReportController.h */,
				BB61D756210D619E0068A0A6 /* BakeReportController.m */,
			);
			path = Curve;
			sourceTree = "<group>";
		};
		BB6A784820E36E6800EE3E2E /* Base */ = {
			isa = PBXGroup;
			children = (
				BB6A784920E36E7200EE3E2E /* BaseViewController.h */,
				BB6A784A20E36E7200EE3E2E /* BaseViewController.m */,
			);
			path = Base;
			sourceTree = "<group>";
		};
		BB6AD20C21007BCE008C8763 /* Mine */ = {
			isa = PBXGroup;
			children = (
				BB6AD21521007D15008C8763 /* MineViewController.h */,
				BB6AD21621007D15008C8763 /* MineViewController.m */,
				BB23E561210964C20074C61B /* FeedbackViewController.h */,
				BB23E562210964C20074C61B /* FeedbackViewController.m */,
				BB2912062106CC89001B9448 /* Account */,
				BB29120F2106D8B1001B9448 /* General */,
			);
			path = Mine;
			sourceTree = "<group>";
		};
		BB6AD2222100C09B008C8763 /* Model */ = {
			isa = PBXGroup;
			children = (
				BB65C25720FDF00000BB684E /* BeanModel.h */,
				BB65C25820FDF00000BB684E /* BeanModel.m */,
				BB29121621071B1E001B9448 /* SettingModel.h */,
				BB29121721071B1E001B9448 /* SettingModel.m */,
				BB61D758210DC31C0068A0A6 /* ReportModel.h */,
				BB61D759210DC31C0068A0A6 /* ReportModel.m */,
				BB593FAA210F324C007ECB1D /* EventModel.h */,
				BB593FAB210F324C007ECB1D /* EventModel.m */,
				BB5A3BEF211193180030ACA5 /* DeviceModel.h */,
				BB5A3BF0211193180030ACA5 /* DeviceModel.m */,
			);
			path = Model;
			sourceTree = "<group>";
		};
		BB712ABA20E47F36005FF10F /* Net */ = {
			isa = PBXGroup;
			children = (
				BB712ABB20E47F49005FF10F /* NetWork.h */,
				BB712ABC20E47F49005FF10F /* NetWork.m */,
			);
			path = Net;
			sourceTree = "<group>";
		};
		BB8A9F7720DE3F5100610316 /* Image */ = {
			isa = PBXGroup;
			children = (
				BB65C24B20FD8F0300BB684E /* tick@1x.png */,
				BB65C24C20FD8F0300BB684E /* tick@2x.png */,
				BB65C24F20FD8F0400BB684E /* tick@3x.png */,
				BB65C24D20FD8F0400BB684E /* untick@1x.png */,
				BB65C25020FD8F0400BB684E /* untick@2x.png */,
				BB65C24E20FD8F0400BB684E /* untick@3x.png */,
				BB52777F20F845C000D020DD /* ic_leftpop@1x.png */,
				BB52778020F845C000D020DD /* ic_leftpop@2x.png */,
				BB52778120F845C000D020DD /* ic_leftpop@3x.png */,
				BB8A9F7820DE3F5100610316 /* @1x */,
				BB8AA00220DE3F5100610316 /* @2x */,
				BB8AA1A120DE3F5200610316 /* @3x */,
			);
			path = Image;
			sourceTree = "<group>";
		};
		BB8A9F7820DE3F5100610316 /* @1x */ = {
			isa = PBXGroup;
			children = (
				BB635D20210868AF005F42D6 /* ic_quick_event_add@1x.png */,
				BB6A555F20FCCD8E0013C3C1 /* ic_bake_dialog_delete@1x.png */,
				BBED09AD20F7354200D6010A /* ic_bake_baking_inwind.png */,
				BBED09AC20F7354200D6010A /* ic_bake_baking_outwind.png */,
				BBED09AA20F7354200D6010A /* ic_bake_bean.png */,
				BBED09AB20F7354200D6010A /* ic_baked.png */,
				BBC695F120F5B334006628E0 /* ic_mine_history_line.png */,
				BB8AA49F20DFB18B00610316 /* ic_details.png */,
				BB8A9F8E20DE3F5100610316 /* ic_navbar_bake_selected.png */,
				BB8A9FD820DE3F5100610316 /* ic_navbar_bake.png */,
				BB8A9FA620DE3F5100610316 /* ic_navbar_bean_selected.png */,
				BB8A9F7A20DE3F5100610316 /* ic_navbar_bean.png */,
				BB8A9FA320DE3F5100610316 /* ic_navbar_cup_selected.png */,
				BB8A9FBA20DE3F5100610316 /* ic_navbar_cup.png */,
				BB8A9FF020DE3F5100610316 /* ic_navbar_mine_selected.png */,
				BB8A9FBB20DE3F5100610316 /* ic_navbar_mine.png */,
			);
			path = "@1x";
			sourceTree = "<group>";
		};
		BB8AA00220DE3F5100610316 /* @2x */ = {
			isa = PBXGroup;
			children = (
				BB635D22210868DF005F42D6 /* ic_quick_event_add@2x.png */,
				BB6A556120FCCDA90013C3C1 /* ic_bake_dialog_delete@2x.png */,
				BBED09B220F7355E00D6010A /* ic_bake_baking_inwind@2x.png */,
				BBED09B320F7355E00D6010A /* ic_bake_baking_outwind@2x.png */,
				BBED09B420F7355E00D6010A /* ic_bake_bean@2x.png */,
				BBED09B520F7355E00D6010A /* ic_baked@2x.png */,
				BBC695EF20F5B31A006628E0 /* ic_mine_history_line@2x.png */,
				BB8AA4A120DFB19800610316 /* ic_details@2x.png */,
				BB8AA01820DE3F5200610316 /* ic_navbar_bake_selected@2x.png */,
				BB8AA06220DE3F5200610316 /* ic_navbar_bake@2x.png */,
				BB8AA03020DE3F5200610316 /* ic_navbar_bean_selected@2x.png */,
				BB8AA00420DE3F5100610316 /* ic_navbar_bean@2x.png */,
				BB8AA07620DE3F5200610316 /* ic_navbar_community_selected@2x.png */,
				BB8AA00720DE3F5100610316 /* ic_navbar_community@2x.png */,
				BB8AA02D20DE3F5200610316 /* ic_navbar_cup_selected@2x.png */,
				BB8AA04420DE3F5200610316 /* ic_navbar_cup@2x.png */,
				BB8AA07A20DE3F5200610316 /* ic_navbar_mine_selected@2x.png */,
				BB8AA04520DE3F5200610316 /* ic_navbar_mine@2x.png */,
			);
			path = "@2x";
			sourceTree = "<group>";
		};
		BB8AA1A120DE3F5200610316 /* @3x */ = {
			isa = PBXGroup;
			children = (
				BB635D24210868EF005F42D6 /* ic_quick_event_add@3x.png */,
				BB6A556320FCCDC30013C3C1 /* ic_bake_dialog_delete@3x.png */,
				BB8AA1B420DE3F5200610316 /* ic_navbar_bake_selected@3x.png */,
				BB8AA1EB20DE3F5200610316 /* ic_navbar_bake@3x.png */,
				BB8AA1C520DE3F5200610316 /* ic_navbar_bean_selected@3x.png */,
				BB8AA1A320DE3F5200610316 /* ic_navbar_bean@3x.png */,
				BB8AA1C320DE3F5200610316 /* ic_navbar_cup_selected@3x.png */,
				BB8AA1D220DE3F5200610316 /* ic_navbar_cup@3x.png */,
				BB8AA1FD20DE3F5200610316 /* ic_navbar_mine_selected@3x.png */,
				BB8AA1D320DE3F5200610316 /* ic_navbar_mine@3x.png */,
			);
			path = "@3x";
			sourceTree = "<group>";
		};
		BB8AA49B20DFAFA500610316 /* EspTouch */ = {
			isa = PBXGroup;
			children = (
				BB8AA49C20DFAFC600610316 /* DeviceViewController.h */,
				BB8AA49D20DFAFC600610316 /* DeviceViewController.m */,
				BB8AA4A320DFB25900610316 /* EspViewController.h */,
				BB8AA4A420DFB25900610316 /* EspViewController.m */,
				BBFE861020E62FDF005C6CE5 /* DeviceSelectView.h */,
				BBFE861120E62FDF005C6CE5 /* DeviceSelectView.m */,
				BBFE861320E62FF3005C6CE5 /* DeviceConfirmView.h */,
				BBFE861420E62FF3005C6CE5 /* DeviceConfirmView.m */,
				BBFE861620E63027005C6CE5 /* DeviceConnectView.h */,
				BBFE861720E63027005C6CE5 /* DeviceConnectView.m */,
			);
			path = EspTouch;
			sourceTree = "<group>";
		};
		BB8AA4A620DFB9C900610316 /* EspTouch */ = {
			isa = PBXGroup;
			children = (
				BB8AA4BA20DFB9C900610316 /* ESP_ByteUtil.h */,
				BB8AA4AC20DFB9C900610316 /* ESP_ByteUtil.m */,
				BB8AA4BF20DFB9C900610316 /* ESP_CRC8.h */,
				BB8AA4AF20DFB9C900610316 /* ESP_CRC8.m */,
				BB8AA4B920DFB9C900610316 /* ESP_NetUtil.h */,
				BB8AA4AB20DFB9C900610316 /* ESP_NetUtil.m */,
				BB8AA4C120DFB9C900610316 /* ESP_WifiUtil.h */,
				BB8AA4AD20DFB9C900610316 /* ESP_WifiUtil.m */,
				BB8AA4B520DFB9C900610316 /* ESPAES.h */,
				BB8AA4C220DFB9C900610316 /* ESPAES.m */,
				BB8AA4B220DFB9C900610316 /* ESPDataCode.h */,
				BB8AA4BD20DFB9C900610316 /* ESPDataCode.m */,
				BB8AA4B320DFB9C900610316 /* ESPDatumCode.h */,
				BB8AA4C420DFB9C900610316 /* ESPDatumCode.m */,
				BB8AA4B820DFB9C900610316 /* ESPGuideCode.h */,
				BB8AA4A720DFB9C900610316 /* ESPGuideCode.m */,
				BB8AA4B720DFB9C900610316 /* ESPTouchDelegate.h */,
				BB8AA4C020DFB9C900610316 /* ESPTouchGenerator.h */,
				BB8AA4AE20DFB9C900610316 /* ESPTouchGenerator.m */,
				BB8AA4B620DFB9C900610316 /* ESPTouchResult.h */,
				BB8AA4A820DFB9C900610316 /* ESPTouchResult.m */,
				BB8AA4B420DFB9C900610316 /* ESPTouchTask.h */,
				BB8AA4C320DFB9C900610316 /* ESPTouchTask.m */,
				BB8AA4A920DFB9C900610316 /* ESPTouchTaskParameter.h */,
				BB8AA4BC20DFB9C900610316 /* ESPTouchTaskParameter.m */,
				BB8AA4AA20DFB9C900610316 /* ESPUDPSocketClient.h */,
				BB8AA4BB20DFB9C900610316 /* ESPUDPSocketClient.m */,
				BB8AA4BE20DFB9C900610316 /* ESPUDPSocketServer.h */,
				BB8AA4B120DFB9C900610316 /* ESPUDPSocketServer.m */,
				BB8AA4B020DFB9C900610316 /* ESPVersionMacro.h */,
			);
			name = EspTouch;
			path = Coffee/EspTouch;
			sourceTree = SOURCE_ROOT;
		};
		BB8AA4D320DFBFA400610316 /* OC_Category */ = {
			isa = PBXGroup;
			children = (
				BB8AA4D420DFBFA400610316 /* TableView+Touch */,
				BB69CA7120ECBB490032F126 /* NSObject+Common.h */,
				BB69CA7220ECBB490032F126 /* NSObject+Common.m */,
				BB593FA7210F172D007ECB1D /* NSDate+Common.h */,
				BB593FA8210F172D007ECB1D /* NSDate+Common.m */,
				BB8AA4E620DFD18D00610316 /* UIColor+ColorChange.h */,
				BB8AA4E720DFD18D00610316 /* UIColor+ColorChange.m */,
				BB1C156520E1E8AD006D7053 /* UIButton+Common.h */,
				BB1C156420E1E8AD006D7053 /* UIButton+Common.m */,
			);
			path = OC_Category;
			sourceTree = "<group>";
		};
		BB8AA4D420DFBFA400610316 /* TableView+Touch */ = {
			isa = PBXGroup;
			children = (
				BB8AA4D520DFBFA400610316 /* TouchTableView.h */,
				BB8AA4D620DFBFA400610316 /* TouchTableView.m */,
			);
			path = "TableView+Touch";
			sourceTree = "<group>";
		};
		BB8AA4D820DFC23300610316 /* Cell */ = {
			isa = PBXGroup;
			children = (
				BB8AA4DC20DFC96A00610316 /* SSIDTableViewCell.h */,
				BB8AA4DD20DFC96A00610316 /* SSIDTableViewCell.m */,
				BB8AA4DE20DFC96A00610316 /* SSIDTableViewCell.xib */,
				BB8AA4E120DFCA1C00610316 /* PasswordTableViewCell.h */,
				BB8AA4E220DFCA1C00610316 /* PasswordTableViewCell.m */,
				BB8AA4E320DFCA1C00610316 /* PasswordTableViewCell.xib */,
				BB6A784320E32A4D00EE3E2E /* DeviceTableViewCell.h */,
				BB6A784420E32A4D00EE3E2E /* DeviceTableViewCell.m */,
				BB6A784520E32A4D00EE3E2E /* DeviceTableViewCell.xib */,
				BB6A555C20FCCA3D0013C3C1 /* AddBeanTableViewCell.h */,
				BB6A555D20FCCA3D0013C3C1 /* AddBeanTableViewCell.m */,
				BB6AD21F2100C058008C8763 /* LlabelRlabelCell.h */,
				BB6AD2202100C058008C8763 /* LlabelRlabelCell.m */,
				BB6AD2232100C182008C8763 /* LlabelRImageCell.h */,
				BB6AD2242100C182008C8763 /* LlabelRImageCell.m */,
				BB2912132106FB43001B9448 /* SubtitileCell.h */,
				BB2912142106FB43001B9448 /* SubtitileCell.m */,
				BB635D292108794B005F42D6 /* CurveColorCell.h */,
				BB635D2A2108794B005F42D6 /* CurveColorCell.m */,
			);
			path = Cell;
			sourceTree = "<group>";
		};
		BB8F7BC320DA513B00BE5CFC = {
			isa = PBXGroup;
			children = (
				BB8F7BCE20DA513B00BE5CFC /* Coffee */,
				BB8F7BE720DA513C00BE5CFC /* CoffeeTests */,
				BB8F7BF220DA513C00BE5CFC /* CoffeeUITests */,
				BB8F7BCD20DA513B00BE5CFC /* Products */,
				C080BAEB5B2ACDD9AF00C1E4 /* Pods */,
				383EC9357D9B009D0BE53003 /* Frameworks */,
			);
			sourceTree = "<group>";
		};
		BB8F7BCD20DA513B00BE5CFC /* Products */ = {
			isa = PBXGroup;
			children = (
				BB8F7BCC20DA513B00BE5CFC /* Coffee.app */,
				BB8F7BE420DA513C00BE5CFC /* CoffeeTests.xctest */,
				BB8F7BEF20DA513C00BE5CFC /* CoffeeUITests.xctest */,
			);
			name = Products;
			sourceTree = "<group>";
		};
		BB8F7BCE20DA513B00BE5CFC /* Coffee */ = {
			isa = PBXGroup;
			children = (
				BB4C906B2105C4010023EE9B /* DataBase */,
				BB712ABA20E47F36005FF10F /* Net */,
				BB6A784820E36E6800EE3E2E /* Base */,
				BB8AA4D320DFBFA400610316 /* OC_Category */,
				BB8A9F7720DE3F5100610316 /* Image */,
				BB8AA4A620DFB9C900610316 /* EspTouch */,
				BB94EA9920DB8CE700370A95 /* RDVTabbarController */,
				BB6AD2222100C09B008C8763 /* Model */,
				BB8AA4D820DFC23300610316 /* Cell */,
				BB8F7C0120DA51A600BE5CFC /* Main */,
				BB8F7BCF20DA513B00BE5CFC /* AppDelegate.h */,
				BB8F7BD020DA513B00BE5CFC /* AppDelegate.m */,
				BB8F7BD520DA513B00BE5CFC /* Main.storyboard */,
				BB8F7BD820DA513B00BE5CFC /* Assets.xcassets */,
				BB8F7BDA20DA513B00BE5CFC /* LaunchScreen.storyboard */,
				BB8F7BDD20DA513B00BE5CFC /* Info.plist */,
				BB8F7BDE20DA513B00BE5CFC /* main.m */,
				BB8AA49720DE42C600610316 /* Coffee-Prefix.pch */,
				BB26AFB020EDC846008AE330 /* SourceFile */,
			);
			path = Coffee;
			sourceTree = "<group>";
		};
		BB8F7BE720DA513C00BE5CFC /* CoffeeTests */ = {
			isa = PBXGroup;
			children = (
				BB8F7BE820DA513C00BE5CFC /* CoffeeTests.m */,
				BB8F7BEA20DA513C00BE5CFC /* Info.plist */,
			);
			path = CoffeeTests;
			sourceTree = "<group>";
		};
		BB8F7BF220DA513C00BE5CFC /* CoffeeUITests */ = {
			isa = PBXGroup;
			children = (
				BB8F7BF320DA513C00BE5CFC /* CoffeeUITests.m */,
				BB8F7BF520DA513C00BE5CFC /* Info.plist */,
			);
			path = CoffeeUITests;
			sourceTree = "<group>";
		};
		BB8F7C0120DA51A600BE5CFC /* Main */ = {
			isa = PBXGroup;
			children = (
				BBC31F9A20E713730011360E /* Bake */,
				BB65C25A20FE120200BB684E /* Curve */,
				BB6AD20C21007BCE008C8763 /* Mine */,
				BB8AA49B20DFAFA500610316 /* EspTouch */,
				BB94EAA320DBA9C800370A95 /* MainViewController.h */,
				BB94EAA420DBA9C800370A95 /* MainViewController.m */,
			);
			path = Main;
			sourceTree = "<group>";
		};
		BB94EA9920DB8CE700370A95 /* RDVTabbarController */ = {
			isa = PBXGroup;
			children = (
				BB94EA9A20DB8CE700370A95 /* RDVTabBar.m */,
				BB94EA9B20DB8CE700370A95 /* RDVTabBarController.h */,
				BB94EA9C20DB8CE700370A95 /* RDVTabBarItem.h */,
				BB94EA9D20DB8CE700370A95 /* RDVTabBar.h */,
				BB94EA9E20DB8CE700370A95 /* RDVTabBarController.m */,
				BB94EA9F20DB8CE700370A95 /* RDVTabBarItem.m */,
			);
			path = RDVTabbarController;
			sourceTree = "<group>";
		};
		BBC31F9A20E713730011360E /* Bake */ = {
			isa = PBXGroup;
			children = (
				BB8AA49820DE475200610316 /* BakeViewController.h */,
				BB8AA49920DE475200610316 /* BakeViewController.m */,
				BB3811F820EA1C3C00F0B2B7 /* BakeCurveViewController.h */,
				BB3811F920EA1C3C00F0B2B7 /* BakeCurveViewController.m */,
			);
			path = Bake;
			sourceTree = "<group>";
		};
		C080BAEB5B2ACDD9AF00C1E4 /* Pods */ = {
			isa = PBXGroup;
			children = (
				720E238F8A2AE22A51FFC2D2 /* Pods-Coffee.debug.xcconfig */,
				7BA3FAAB66A327260F196ABB /* Pods-Coffee.release.xcconfig */,
			);
			name = Pods;
			sourceTree = "<group>";
		};
/* End PBXGroup section */

/* Begin PBXNativeTarget section */
		BB8F7BCB20DA513B00BE5CFC /* Coffee */ = {
			isa = PBXNativeTarget;
			buildConfigurationList = BB8F7BF820DA513C00BE5CFC /* Build configuration list for PBXNativeTarget "Coffee" */;
			buildPhases = (
				F03E865615A236E625D46D27 /* [CP] Check Pods Manifest.lock */,
				BB8F7BC820DA513B00BE5CFC /* Sources */,
				BB8F7BC920DA513B00BE5CFC /* Frameworks */,
				BB8F7BCA20DA513B00BE5CFC /* Resources */,
				620E50EB59957392E78B5237 /* [CP] Embed Pods Frameworks */,
				91E3FBC406D1297894AE8ECB /* [CP] Copy Pods Resources */,
			);
			buildRules = (
			);
			dependencies = (
			);
			name = Coffee;
			productName = Coffee;
			productReference = BB8F7BCC20DA513B00BE5CFC /* Coffee.app */;
			productType = "com.apple.product-type.application";
		};
		BB8F7BE320DA513C00BE5CFC /* CoffeeTests */ = {
			isa = PBXNativeTarget;
			buildConfigurationList = BB8F7BFB20DA513C00BE5CFC /* Build configuration list for PBXNativeTarget "CoffeeTests" */;
			buildPhases = (
				BB8F7BE020DA513C00BE5CFC /* Sources */,
				BB8F7BE120DA513C00BE5CFC /* Frameworks */,
				BB8F7BE220DA513C00BE5CFC /* Resources */,
			);
			buildRules = (
			);
			dependencies = (
				BB8F7BE620DA513C00BE5CFC /* PBXTargetDependency */,
			);
			name = CoffeeTests;
			productName = CoffeeTests;
			productReference = BB8F7BE420DA513C00BE5CFC /* CoffeeTests.xctest */;
			productType = "com.apple.product-type.bundle.unit-test";
		};
		BB8F7BEE20DA513C00BE5CFC /* CoffeeUITests */ = {
			isa = PBXNativeTarget;
			buildConfigurationList = BB8F7BFE20DA513C00BE5CFC /* Build configuration list for PBXNativeTarget "CoffeeUITests" */;
			buildPhases = (
				BB8F7BEB20DA513C00BE5CFC /* Sources */,
				BB8F7BEC20DA513C00BE5CFC /* Frameworks */,
				BB8F7BED20DA513C00BE5CFC /* Resources */,
			);
			buildRules = (
			);
			dependencies = (
				BB8F7BF120DA513C00BE5CFC /* PBXTargetDependency */,
			);
			name = CoffeeUITests;
			productName = CoffeeUITests;
			productReference = BB8F7BEF20DA513C00BE5CFC /* CoffeeUITests.xctest */;
			productType = "com.apple.product-type.bundle.ui-testing";
		};
/* End PBXNativeTarget section */

/* Begin PBXProject section */
		BB8F7BC420DA513B00BE5CFC /* Project object */ = {
			isa = PBXProject;
			attributes = {
				LastUpgradeCheck = 0920;
				ORGANIZATIONNAME = "杭州轨物科技有限公司";
				TargetAttributes = {
					BB8F7BCB20DA513B00BE5CFC = {
						CreatedOnToolsVersion = 9.2;
						ProvisioningStyle = Automatic;
					};
					BB8F7BE320DA513C00BE5CFC = {
						CreatedOnToolsVersion = 9.2;
						ProvisioningStyle = Automatic;
						TestTargetID = BB8F7BCB20DA513B00BE5CFC;
					};
					BB8F7BEE20DA513C00BE5CFC = {
						CreatedOnToolsVersion = 9.2;
						ProvisioningStyle = Automatic;
						TestTargetID = BB8F7BCB20DA513B00BE5CFC;
					};
				};
			};
			buildConfigurationList = BB8F7BC720DA513B00BE5CFC /* Build configuration list for PBXProject "Coffee" */;
			compatibilityVersion = "Xcode 8.0";
			developmentRegion = en;
			hasScannedForEncodings = 0;
			knownRegions = (
				en,
				Base,
			);
			mainGroup = BB8F7BC320DA513B00BE5CFC;
			productRefGroup = BB8F7BCD20DA513B00BE5CFC /* Products */;
			projectDirPath = "";
			projectRoot = "";
			targets = (
				BB8F7BCB20DA513B00BE5CFC /* Coffee */,
				BB8F7BE320DA513C00BE5CFC /* CoffeeTests */,
				BB8F7BEE20DA513C00BE5CFC /* CoffeeUITests */,
			);
		};
/* End PBXProject section */

/* Begin PBXResourcesBuildPhase section */
		BB8F7BCA20DA513B00BE5CFC /* Resources */ = {
			isa = PBXResourcesBuildPhase;
			buildActionMask = 2147483647;
			files = (
				BBED09AE20F7354200D6010A /* ic_bake_bean.png in Resources */,
				BB6A556220FCCDA90013C3C1 /* ic_bake_dialog_delete@2x.png in Resources */,
				BB8AA4A020DFB18B00610316 /* ic_details.png in Resources */,
				BB8AA45020DE3F5300610316 /* ic_navbar_cup_selected@3x.png in Resources */,
				BB8AA48A20DE3F5300610316 /* ic_navbar_mine_selected@3x.png in Resources */,
				BB52778420F845C100D020DD /* ic_leftpop@3x.png in Resources */,
				BB8AA24C20DE3F5200610316 /* ic_navbar_mine.png in Resources */,
				BB8AA30A20DE3F5300610316 /* ic_navbar_mine_selected@2x.png in Resources */,
				BB26AFB220EDC846008AE330 /* 数据.json in Resources */,
				BB52778320F845C100D020DD /* ic_leftpop@2x.png in Resources */,
				BB6A784720E32A4D00EE3E2E /* DeviceTableViewCell.xib in Resources */,
				BB8AA21F20DE3F5200610316 /* ic_navbar_bake_selected.png in Resources */,
				BBED09B720F7355E00D6010A /* ic_bake_baking_outwind@2x.png in Resources */,
				BB8AA47820DE3F5300610316 /* ic_navbar_bake@3x.png in Resources */,
				BB8AA29420DE3F5200610316 /* ic_navbar_bean@2x.png in Resources */,
				BBED09B620F7355E00D6010A /* ic_bake_baking_inwind@2x.png in Resources */,
				BB8AA46020DE3F5300610316 /* ic_navbar_mine@3x.png in Resources */,
				BB8AA30620DE3F5300610316 /* ic_navbar_community_selected@2x.png in Resources */,
				BB8AA2F220DE3F5300610316 /* ic_navbar_bake@2x.png in Resources */,
				BB8AA45F20DE3F5300610316 /* ic_navbar_cup@3x.png in Resources */,
				BB8AA23720DE3F5200610316 /* ic_navbar_bean_selected.png in Resources */,
				BB8AA20B20DE3F5200610316 /* ic_navbar_bean.png in Resources */,
				BB65C25220FD8F0400BB684E /* tick@2x.png in Resources */,
				BB8AA2D420DE3F5300610316 /* ic_navbar_cup@2x.png in Resources */,
				BB8AA2A820DE3F5200610316 /* ic_navbar_bake_selected@2x.png in Resources */,
				BB8AA44120DE3F5300610316 /* ic_navbar_bake_selected@3x.png in Resources */,
				BB6A556420FCCDC40013C3C1 /* ic_bake_dialog_delete@3x.png in Resources */,
				BB8AA4A220DFB19800610316 /* ic_details@2x.png in Resources */,
				BB8AA45220DE3F5300610316 /* ic_navbar_bean_selected@3x.png in Resources */,
				BB8AA28120DE3F5200610316 /* ic_navbar_mine_selected.png in Resources */,
				BB8AA2C020DE3F5300610316 /* ic_navbar_bean_selected@2x.png in Resources */,
				BB8AA29720DE3F5200610316 /* ic_navbar_community@2x.png in Resources */,
				BB8AA26920DE3F5200610316 /* ic_navbar_bake.png in Resources */,
				BB8F7BDC20DA513B00BE5CFC /* LaunchScreen.storyboard in Resources */,
				BB8F7BD920DA513B00BE5CFC /* Assets.xcassets in Resources */,
				BB65C25420FD8F0400BB684E /* untick@3x.png in Resources */,
				BB65C25520FD8F0400BB684E /* tick@3x.png in Resources */,
				BB8AA24B20DE3F5200610316 /* ic_navbar_cup.png in Resources */,
				BBC695F020F5B31A006628E0 /* ic_mine_history_line@2x.png in Resources */,
				BBC695F220F5B334006628E0 /* ic_mine_history_line.png in Resources */,
				BBED09AF20F7354200D6010A /* ic_baked.png in Resources */,
				BBED09B920F7355E00D6010A /* ic_baked@2x.png in Resources */,
				BB8AA2D520DE3F5300610316 /* ic_navbar_mine@2x.png in Resources */,
				BB8AA43020DE3F5300610316 /* ic_navbar_bean@3x.png in Resources */,
				BBED09B120F7354200D6010A /* ic_bake_baking_inwind.png in Resources */,
				BB29120E2106CCE1001B9448 /* Password.storyboard in Resources */,
				BB635D25210868EF005F42D6 /* ic_quick_event_add@3x.png in Resources */,
				BB8AA4E020DFC96A00610316 /* SSIDTableViewCell.xib in Resources */,
				BBED09B820F7355E00D6010A /* ic_bake_bean@2x.png in Resources */,
				BB65C25320FD8F0400BB684E /* untick@1x.png in Resources */,
				BB6A556020FCCD8E0013C3C1 /* ic_bake_dialog_delete@1x.png in Resources */,
				BB52778220F845C100D020DD /* ic_leftpop@1x.png in Resources */,
				BB65C25120FD8F0400BB684E /* tick@1x.png in Resources */,
				BB8AA4E520DFCA1C00610316 /* PasswordTableViewCell.xib in Resources */,
				BB8AA2BD20DE3F5300610316 /* ic_navbar_cup_selected@2x.png in Resources */,
				BB635D21210868AF005F42D6 /* ic_quick_event_add@1x.png in Resources */,
				BB8F7BD720DA513B00BE5CFC /* Main.storyboard in Resources */,
				BB65C25620FD8F0400BB684E /* untick@2x.png in Resources */,
				BB8AA23420DE3F5200610316 /* ic_navbar_cup_selected.png in Resources */,
				BB635D23210868DF005F42D6 /* ic_quick_event_add@2x.png in Resources */,
				BBED09B020F7354200D6010A /* ic_bake_baking_outwind.png in Resources */,
			);
			runOnlyForDeploymentPostprocessing = 0;
		};
		BB8F7BE220DA513C00BE5CFC /* Resources */ = {
			isa = PBXResourcesBuildPhase;
			buildActionMask = 2147483647;
			files = (
			);
			runOnlyForDeploymentPostprocessing = 0;
		};
		BB8F7BED20DA513C00BE5CFC /* Resources */ = {
			isa = PBXResourcesBuildPhase;
			buildActionMask = 2147483647;
			files = (
			);
			runOnlyForDeploymentPostprocessing = 0;
		};
/* End PBXResourcesBuildPhase section */

/* Begin PBXShellScriptBuildPhase section */
		620E50EB59957392E78B5237 /* [CP] Embed Pods Frameworks */ = {
			isa = PBXShellScriptBuildPhase;
			buildActionMask = 2147483647;
			files = (
			);
			inputPaths = (
				"${SRCROOT}/Pods/Target Support Files/Pods-Coffee/Pods-Coffee-frameworks.sh",
				"${BUILT_PRODUCTS_DIR}/Charts/Charts.framework",
				"${BUILT_PRODUCTS_DIR}/CocoaAsyncSocket/CocoaAsyncSocket.framework",
				"${BUILT_PRODUCTS_DIR}/FMDB/FMDB.framework",
				"${BUILT_PRODUCTS_DIR}/IQKeyboardManager/IQKeyboardManager.framework",
				"${BUILT_PRODUCTS_DIR}/MBProgressHUD/MBProgressHUD.framework",
				"${BUILT_PRODUCTS_DIR}/MJRefresh/MJRefresh.framework",
				"${BUILT_PRODUCTS_DIR}/Masonry/Masonry.framework",
				"${BUILT_PRODUCTS_DIR}/SVProgressHUD/SVProgressHUD.framework",
				"${BUILT_PRODUCTS_DIR}/WMPageController/WMPageController.framework",
			);
			name = "[CP] Embed Pods Frameworks";
			outputPaths = (
				"${TARGET_BUILD_DIR}/${FRAMEWORKS_FOLDER_PATH}/Charts.framework",
				"${TARGET_BUILD_DIR}/${FRAMEWORKS_FOLDER_PATH}/CocoaAsyncSocket.framework",
				"${TARGET_BUILD_DIR}/${FRAMEWORKS_FOLDER_PATH}/FMDB.framework",
				"${TARGET_BUILD_DIR}/${FRAMEWORKS_FOLDER_PATH}/IQKeyboardManager.framework",
				"${TARGET_BUILD_DIR}/${FRAMEWORKS_FOLDER_PATH}/MBProgressHUD.framework",
				"${TARGET_BUILD_DIR}/${FRAMEWORKS_FOLDER_PATH}/MJRefresh.framework",
				"${TARGET_BUILD_DIR}/${FRAMEWORKS_FOLDER_PATH}/Masonry.framework",
				"${TARGET_BUILD_DIR}/${FRAMEWORKS_FOLDER_PATH}/SVProgressHUD.framework",
				"${TARGET_BUILD_DIR}/${FRAMEWORKS_FOLDER_PATH}/WMPageController.framework",
			);
			runOnlyForDeploymentPostprocessing = 0;
			shellPath = /bin/sh;
			shellScript = "\"${SRCROOT}/Pods/Target Support Files/Pods-Coffee/Pods-Coffee-frameworks.sh\"\n";
			showEnvVarsInLog = 0;
		};
		91E3FBC406D1297894AE8ECB /* [CP] Copy Pods Resources */ = {
			isa = PBXShellScriptBuildPhase;
			buildActionMask = 2147483647;
			files = (
			);
			inputPaths = (
				"${SRCROOT}/Pods/Target Support Files/Pods-Coffee/Pods-Coffee-resources.sh",
				"${PODS_ROOT}/IQKeyboardManager/IQKeyboardManager/Resources/IQKeyboardManager.bundle",
				"${PODS_ROOT}/MJRefresh/MJRefresh/MJRefresh.bundle",
				"${PODS_ROOT}/SVProgressHUD/SVProgressHUD/SVProgressHUD.bundle",
			);
			name = "[CP] Copy Pods Resources";
			outputPaths = (
				"${TARGET_BUILD_DIR}/${UNLOCALIZED_RESOURCES_FOLDER_PATH}",
			);
			runOnlyForDeploymentPostprocessing = 0;
			shellPath = /bin/sh;
			shellScript = "\"${SRCROOT}/Pods/Target Support Files/Pods-Coffee/Pods-Coffee-resources.sh\"\n";
			showEnvVarsInLog = 0;
		};
		F03E865615A236E625D46D27 /* [CP] Check Pods Manifest.lock */ = {
			isa = PBXShellScriptBuildPhase;
			buildActionMask = 2147483647;
			files = (
			);
			inputPaths = (
				"${PODS_PODFILE_DIR_PATH}/Podfile.lock",
				"${PODS_ROOT}/Manifest.lock",
			);
			name = "[CP] Check Pods Manifest.lock";
			outputPaths = (
				"$(DERIVED_FILE_DIR)/Pods-Coffee-checkManifestLockResult.txt",
			);
			runOnlyForDeploymentPostprocessing = 0;
			shellPath = /bin/sh;
			shellScript = "diff \"${PODS_PODFILE_DIR_PATH}/Podfile.lock\" \"${PODS_ROOT}/Manifest.lock\" > /dev/null\nif [ $? != 0 ] ; then\n    # print error to STDERR\n    echo \"error: The sandbox is not in sync with the Podfile.lock. Run 'pod install' or update your CocoaPods installation.\" >&2\n    exit 1\nfi\n# This output is used by Xcode 'outputs' to avoid re-running this script phase.\necho \"SUCCESS\" > \"${SCRIPT_OUTPUT_FILE_0}\"\n";
			showEnvVarsInLog = 0;
		};
/* End PBXShellScriptBuildPhase section */

/* Begin PBXSourcesBuildPhase section */
		BB8F7BC820DA513B00BE5CFC /* Sources */ = {
			isa = PBXSourcesBuildPhase;
			buildActionMask = 2147483647;
			files = (
				BB6AD2252100C182008C8763 /* LlabelRImageCell.m in Sources */,
				BB3811FA20EA1C3C00F0B2B7 /* BakeCurveViewController.m in Sources */,
				BB593FA9210F172D007ECB1D /* NSDate+Common.m in Sources */,
				BB8AA4E820DFD18D00610316 /* UIColor+ColorChange.m in Sources */,
				BB6A784B20E36E7200EE3E2E /* BaseViewController.m in Sources */,
				BB8AA4E420DFCA1C00610316 /* PasswordTableViewCell.m in Sources */,
				BB8AA4DF20DFC96A00610316 /* SSIDTableViewCell.m in Sources */,
				BB6A784620E32A4D00EE3E2E /* DeviceTableViewCell.m in Sources */,
				BB8AA4C720DFB9CA00610316 /* ESP_NetUtil.m in Sources */,
				BB6AD21721007D15008C8763 /* MineViewController.m in Sources */,
				BB8AA49E20DFAFC600610316 /* DeviceViewController.m in Sources */,
				BB6AD2212100C058008C8763 /* LlabelRlabelCell.m in Sources */,
				BB8AA49A20DE475200610316 /* BakeViewController.m in Sources */,
				BB8AA4C920DFB9CA00610316 /* ESP_WifiUtil.m in Sources */,
				BB94EAA220DB8CE700370A95 /* RDVTabBarItem.m in Sources */,
				BB6AD21E2100B706008C8763 /* AccountViewController.m in Sources */,
				BB29120C2106CCE1001B9448 /* PasswordViewController.m in Sources */,
				BB635D2B2108794B005F42D6 /* CurveColorCell.m in Sources */,
				BB65C25920FDF00000BB684E /* BeanModel.m in Sources */,
				BB8AA4D120DFB9CA00610316 /* ESPTouchTask.m in Sources */,
				BBFE861820E63027005C6CE5 /* DeviceConnectView.m in Sources */,
				BB65C25D20FE129200BB684E /* CurveViewController.m in Sources */,
				BB6A555E20FCCA3D0013C3C1 /* AddBeanTableViewCell.m in Sources */,
				BB8AA4CF20DFB9CA00610316 /* ESPDataCode.m in Sources */,
				BB1C156620E1E8AD006D7053 /* UIButton+Common.m in Sources */,
				BB2912022106BA65001B9448 /* UsernameViewController.m in Sources */,
				BB29121821071B1E001B9448 /* SettingModel.m in Sources */,
				BB4C906E2105C4200023EE9B /* DataBase.m in Sources */,
				BB8AA4C820DFB9CA00610316 /* ESP_ByteUtil.m in Sources */,
				BBFE861520E62FF3005C6CE5 /* DeviceConfirmView.m in Sources */,
				BB593FAC210F324C007ECB1D /* EventModel.m in Sources */,
				BB94EAA520DBA9C800370A95 /* MainViewController.m in Sources */,
				BB712ABD20E47F49005FF10F /* NetWork.m in Sources */,
				BB94EAA120DB8CE700370A95 /* RDVTabBarController.m in Sources */,
				BB8AA4A520DFB25900610316 /* EspViewController.m in Sources */,
				BB2912122106D8D5001B9448 /* GeneralViewController.m in Sources */,
				BB8AA4C520DFB9CA00610316 /* ESPGuideCode.m in Sources */,
				BB23E563210964C20074C61B /* FeedbackViewController.m in Sources */,
				BB8F7BDF20DA513B00BE5CFC /* main.m in Sources */,
				BB61D75A210DC31C0068A0A6 /* ReportModel.m in Sources */,
				BB8AA4D220DFB9CA00610316 /* ESPDatumCode.m in Sources */,
				BB2912152106FB43001B9448 /* SubtitileCell.m in Sources */,
				BB8AA4C620DFB9CA00610316 /* ESPTouchResult.m in Sources */,
				BB8AA4CB20DFB9CA00610316 /* ESP_CRC8.m in Sources */,
				BB8F7BD120DA513B00BE5CFC /* AppDelegate.m in Sources */,
				BB635D282108781C005F42D6 /* CurveColorViewController.m in Sources */,
				BB635D1F210862E8005F42D6 /* FastEventViewController.m in Sources */,
				BB29120D2106CCE1001B9448 /* PasswordTableViewController.m in Sources */,
				BBFE861220E62FDF005C6CE5 /* DeviceSelectView.m in Sources */,
				BB69CA7320ECBB490032F126 /* NSObject+Common.m in Sources */,
				BB61D757210D619E0068A0A6 /* BakeReportController.m in Sources */,
				BB8AA4D720DFBFA400610316 /* TouchTableView.m in Sources */,
				BB8AA4CD20DFB9CA00610316 /* ESPUDPSocketClient.m in Sources */,
				BB5A3BF1211193180030ACA5 /* DeviceModel.m in Sources */,
				BB8AA4CE20DFB9CA00610316 /* ESPTouchTaskParameter.m in Sources */,
				BB8AA4CC20DFB9CA00610316 /* ESPUDPSocketServer.m in Sources */,
				BB8AA4D020DFB9CA00610316 /* ESPAES.m in Sources */,
				BB94EAA020DB8CE700370A95 /* RDVTabBar.m in Sources */,
				BB8AA4CA20DFB9CA00610316 /* ESPTouchGenerator.m in Sources */,
			);
			runOnlyForDeploymentPostprocessing = 0;
		};
		BB8F7BE020DA513C00BE5CFC /* Sources */ = {
			isa = PBXSourcesBuildPhase;
			buildActionMask = 2147483647;
			files = (
				BB8F7BE920DA513C00BE5CFC /* CoffeeTests.m in Sources */,
			);
			runOnlyForDeploymentPostprocessing = 0;
		};
		BB8F7BEB20DA513C00BE5CFC /* Sources */ = {
			isa = PBXSourcesBuildPhase;
			buildActionMask = 2147483647;
			files = (
				BB8F7BF420DA513C00BE5CFC /* CoffeeUITests.m in Sources */,
			);
			runOnlyForDeploymentPostprocessing = 0;
		};
/* End PBXSourcesBuildPhase section */

/* Begin PBXTargetDependency section */
		BB8F7BE620DA513C00BE5CFC /* PBXTargetDependency */ = {
			isa = PBXTargetDependency;
			target = BB8F7BCB20DA513B00BE5CFC /* Coffee */;
			targetProxy = BB8F7BE520DA513C00BE5CFC /* PBXContainerItemProxy */;
		};
		BB8F7BF120DA513C00BE5CFC /* PBXTargetDependency */ = {
			isa = PBXTargetDependency;
			target = BB8F7BCB20DA513B00BE5CFC /* Coffee */;
			targetProxy = BB8F7BF020DA513C00BE5CFC /* PBXContainerItemProxy */;
		};
/* End PBXTargetDependency section */

/* Begin PBXVariantGroup section */
		BB8F7BD520DA513B00BE5CFC /* Main.storyboard */ = {
			isa = PBXVariantGroup;
			children = (
				BB8F7BD620DA513B00BE5CFC /* Base */,
			);
			name = Main.storyboard;
			sourceTree = "<group>";
		};
		BB8F7BDA20DA513B00BE5CFC /* LaunchScreen.storyboard */ = {
			isa = PBXVariantGroup;
			children = (
				BB8F7BDB20DA513B00BE5CFC /* Base */,
			);
			name = LaunchScreen.storyboard;
			sourceTree = "<group>";
		};
/* End PBXVariantGroup section */

/* Begin XCBuildConfiguration section */
		BB8F7BF620DA513C00BE5CFC /* Debug */ = {
			isa = XCBuildConfiguration;
			buildSettings = {
				ALWAYS_SEARCH_USER_PATHS = NO;
				CLANG_ANALYZER_NONNULL = YES;
				CLANG_ANALYZER_NUMBER_OBJECT_CONVERSION = YES_AGGRESSIVE;
				CLANG_CXX_LANGUAGE_STANDARD = "gnu++14";
				CLANG_CXX_LIBRARY = "libc++";
				CLANG_ENABLE_MODULES = YES;
				CLANG_ENABLE_OBJC_ARC = YES;
				CLANG_WARN_BLOCK_CAPTURE_AUTORELEASING = YES;
				CLANG_WARN_BOOL_CONVERSION = YES;
				CLANG_WARN_COMMA = YES;
				CLANG_WARN_CONSTANT_CONVERSION = YES;
				CLANG_WARN_DIRECT_OBJC_ISA_USAGE = YES_ERROR;
				CLANG_WARN_DOCUMENTATION_COMMENTS = YES;
				CLANG_WARN_EMPTY_BODY = YES;
				CLANG_WARN_ENUM_CONVERSION = YES;
				CLANG_WARN_INFINITE_RECURSION = YES;
				CLANG_WARN_INT_CONVERSION = YES;
				CLANG_WARN_NON_LITERAL_NULL_CONVERSION = YES;
				CLANG_WARN_OBJC_LITERAL_CONVERSION = YES;
				CLANG_WARN_OBJC_ROOT_CLASS = YES_ERROR;
				CLANG_WARN_RANGE_LOOP_ANALYSIS = YES;
				CLANG_WARN_STRICT_PROTOTYPES = YES;
				CLANG_WARN_SUSPICIOUS_MOVE = YES;
				CLANG_WARN_UNGUARDED_AVAILABILITY = YES_AGGRESSIVE;
				CLANG_WARN_UNREACHABLE_CODE = YES;
				CLANG_WARN__DUPLICATE_METHOD_MATCH = YES;
				CODE_SIGN_IDENTITY = "iPhone Developer";
				COPY_PHASE_STRIP = NO;
				DEBUG_INFORMATION_FORMAT = dwarf;
				ENABLE_STRICT_OBJC_MSGSEND = YES;
				ENABLE_TESTABILITY = YES;
				GCC_C_LANGUAGE_STANDARD = gnu11;
				GCC_DYNAMIC_NO_PIC = NO;
				GCC_NO_COMMON_BLOCKS = YES;
				GCC_OPTIMIZATION_LEVEL = 0;
				GCC_PREPROCESSOR_DEFINITIONS = (
					"DEBUG=1",
					"$(inherited)",
				);
				GCC_WARN_64_TO_32_BIT_CONVERSION = YES;
				GCC_WARN_ABOUT_RETURN_TYPE = YES_ERROR;
				GCC_WARN_UNDECLARED_SELECTOR = YES;
				GCC_WARN_UNINITIALIZED_AUTOS = YES_AGGRESSIVE;
				GCC_WARN_UNUSED_FUNCTION = YES;
				GCC_WARN_UNUSED_VARIABLE = YES;
				IPHONEOS_DEPLOYMENT_TARGET = 11.2;
				MTL_ENABLE_DEBUG_INFO = YES;
				ONLY_ACTIVE_ARCH = YES;
				SDKROOT = iphoneos;
			};
			name = Debug;
		};
		BB8F7BF720DA513C00BE5CFC /* Release */ = {
			isa = XCBuildConfiguration;
			buildSettings = {
				ALWAYS_SEARCH_USER_PATHS = NO;
				CLANG_ANALYZER_NONNULL = YES;
				CLANG_ANALYZER_NUMBER_OBJECT_CONVERSION = YES_AGGRESSIVE;
				CLANG_CXX_LANGUAGE_STANDARD = "gnu++14";
				CLANG_CXX_LIBRARY = "libc++";
				CLANG_ENABLE_MODULES = YES;
				CLANG_ENABLE_OBJC_ARC = YES;
				CLANG_WARN_BLOCK_CAPTURE_AUTORELEASING = YES;
				CLANG_WARN_BOOL_CONVERSION = YES;
				CLANG_WARN_COMMA = YES;
				CLANG_WARN_CONSTANT_CONVERSION = YES;
				CLANG_WARN_DIRECT_OBJC_ISA_USAGE = YES_ERROR;
				CLANG_WARN_DOCUMENTATION_COMMENTS = YES;
				CLANG_WARN_EMPTY_BODY = YES;
				CLANG_WARN_ENUM_CONVERSION = YES;
				CLANG_WARN_INFINITE_RECURSION = YES;
				CLANG_WARN_INT_CONVERSION = YES;
				CLANG_WARN_NON_LITERAL_NULL_CONVERSION = YES;
				CLANG_WARN_OBJC_LITERAL_CONVERSION = YES;
				CLANG_WARN_OBJC_ROOT_CLASS = YES_ERROR;
				CLANG_WARN_RANGE_LOOP_ANALYSIS = YES;
				CLANG_WARN_STRICT_PROTOTYPES = YES;
				CLANG_WARN_SUSPICIOUS_MOVE = YES;
				CLANG_WARN_UNGUARDED_AVAILABILITY = YES_AGGRESSIVE;
				CLANG_WARN_UNREACHABLE_CODE = YES;
				CLANG_WARN__DUPLICATE_METHOD_MATCH = YES;
				CODE_SIGN_IDENTITY = "iPhone Developer";
				COPY_PHASE_STRIP = NO;
				DEBUG_INFORMATION_FORMAT = "dwarf-with-dsym";
				ENABLE_NS_ASSERTIONS = NO;
				ENABLE_STRICT_OBJC_MSGSEND = YES;
				GCC_C_LANGUAGE_STANDARD = gnu11;
				GCC_NO_COMMON_BLOCKS = YES;
				GCC_WARN_64_TO_32_BIT_CONVERSION = YES;
				GCC_WARN_ABOUT_RETURN_TYPE = YES_ERROR;
				GCC_WARN_UNDECLARED_SELECTOR = YES;
				GCC_WARN_UNINITIALIZED_AUTOS = YES_AGGRESSIVE;
				GCC_WARN_UNUSED_FUNCTION = YES;
				GCC_WARN_UNUSED_VARIABLE = YES;
				IPHONEOS_DEPLOYMENT_TARGET = 11.2;
				MTL_ENABLE_DEBUG_INFO = NO;
				SDKROOT = iphoneos;
				VALIDATE_PRODUCT = YES;
			};
			name = Release;
		};
		BB8F7BF920DA513C00BE5CFC /* Debug */ = {
			isa = XCBuildConfiguration;
			baseConfigurationReference = 720E238F8A2AE22A51FFC2D2 /* Pods-Coffee.debug.xcconfig */;
			buildSettings = {
				ASSETCATALOG_COMPILER_APPICON_NAME = AppIcon;
				CODE_SIGN_STYLE = Automatic;
				DEVELOPMENT_TEAM = 5FAMV3D32N;
				GCC_PRECOMPILE_PREFIX_HEADER = YES;
				GCC_PREFIX_HEADER = "Coffee/Coffee-Prefix.pch";
				INFOPLIST_FILE = Coffee/Info.plist;
				IPHONEOS_DEPLOYMENT_TARGET = 9.1;
				LD_RUNPATH_SEARCH_PATHS = "$(inherited) @executable_path/Frameworks";
				PRODUCT_BUNDLE_IDENTIFIER = com.thingcom.Coffee;
				PRODUCT_NAME = "$(TARGET_NAME)";
				TARGETED_DEVICE_FAMILY = 1;
				USER_HEADER_SEARCH_PATHS = "$(PODS_ROOT)/FMDB/**";
			};
			name = Debug;
		};
		BB8F7BFA20DA513C00BE5CFC /* Release */ = {
			isa = XCBuildConfiguration;
			baseConfigurationReference = 7BA3FAAB66A327260F196ABB /* Pods-Coffee.release.xcconfig */;
			buildSettings = {
				ASSETCATALOG_COMPILER_APPICON_NAME = AppIcon;
				CODE_SIGN_STYLE = Automatic;
				DEVELOPMENT_TEAM = 5FAMV3D32N;
				GCC_PRECOMPILE_PREFIX_HEADER = YES;
				GCC_PREFIX_HEADER = "Coffee/Coffee-Prefix.pch";
				INFOPLIST_FILE = Coffee/Info.plist;
				IPHONEOS_DEPLOYMENT_TARGET = 9.1;
				LD_RUNPATH_SEARCH_PATHS = "$(inherited) @executable_path/Frameworks";
				PRODUCT_BUNDLE_IDENTIFIER = com.thingcom.Coffee;
				PRODUCT_NAME = "$(TARGET_NAME)";
				TARGETED_DEVICE_FAMILY = 1;
				USER_HEADER_SEARCH_PATHS = "$(PODS_ROOT)/FMDB/**";
			};
			name = Release;
		};
		BB8F7BFC20DA513C00BE5CFC /* Debug */ = {
			isa = XCBuildConfiguration;
			buildSettings = {
				BUNDLE_LOADER = "$(TEST_HOST)";
				CODE_SIGN_STYLE = Automatic;
				DEVELOPMENT_TEAM = 5FAMV3D32N;
				INFOPLIST_FILE = CoffeeTests/Info.plist;
				LD_RUNPATH_SEARCH_PATHS = "$(inherited) @executable_path/Frameworks @loader_path/Frameworks";
				PRODUCT_BUNDLE_IDENTIFIER = com.thingcom.CoffeeTests;
				PRODUCT_NAME = "$(TARGET_NAME)";
				TARGETED_DEVICE_FAMILY = "1,2";
				TEST_HOST = "$(BUILT_PRODUCTS_DIR)/Coffee.app/Coffee";
			};
			name = Debug;
		};
		BB8F7BFD20DA513C00BE5CFC /* Release */ = {
			isa = XCBuildConfiguration;
			buildSettings = {
				BUNDLE_LOADER = "$(TEST_HOST)";
				CODE_SIGN_STYLE = Automatic;
				DEVELOPMENT_TEAM = 5FAMV3D32N;
				INFOPLIST_FILE = CoffeeTests/Info.plist;
				LD_RUNPATH_SEARCH_PATHS = "$(inherited) @executable_path/Frameworks @loader_path/Frameworks";
				PRODUCT_BUNDLE_IDENTIFIER = com.thingcom.CoffeeTests;
				PRODUCT_NAME = "$(TARGET_NAME)";
				TARGETED_DEVICE_FAMILY = "1,2";
				TEST_HOST = "$(BUILT_PRODUCTS_DIR)/Coffee.app/Coffee";
			};
			name = Release;
		};
		BB8F7BFF20DA513C00BE5CFC /* Debug */ = {
			isa = XCBuildConfiguration;
			buildSettings = {
				CODE_SIGN_STYLE = Automatic;
				DEVELOPMENT_TEAM = 5FAMV3D32N;
				INFOPLIST_FILE = CoffeeUITests/Info.plist;
				LD_RUNPATH_SEARCH_PATHS = "$(inherited) @executable_path/Frameworks @loader_path/Frameworks";
				PRODUCT_BUNDLE_IDENTIFIER = com.thingcom.CoffeeUITests;
				PRODUCT_NAME = "$(TARGET_NAME)";
				TARGETED_DEVICE_FAMILY = "1,2";
				TEST_TARGET_NAME = Coffee;
			};
			name = Debug;
		};
		BB8F7C0020DA513C00BE5CFC /* Release */ = {
			isa = XCBuildConfiguration;
			buildSettings = {
				CODE_SIGN_STYLE = Automatic;
				DEVELOPMENT_TEAM = 5FAMV3D32N;
				INFOPLIST_FILE = CoffeeUITests/Info.plist;
				LD_RUNPATH_SEARCH_PATHS = "$(inherited) @executable_path/Frameworks @loader_path/Frameworks";
				PRODUCT_BUNDLE_IDENTIFIER = com.thingcom.CoffeeUITests;
				PRODUCT_NAME = "$(TARGET_NAME)";
				TARGETED_DEVICE_FAMILY = "1,2";
				TEST_TARGET_NAME = Coffee;
			};
			name = Release;
		};
/* End XCBuildConfiguration section */

/* Begin XCConfigurationList section */
		BB8F7BC720DA513B00BE5CFC /* Build configuration list for PBXProject "Coffee" */ = {
			isa = XCConfigurationList;
			buildConfigurations = (
				BB8F7BF620DA513C00BE5CFC /* Debug */,
				BB8F7BF720DA513C00BE5CFC /* Release */,
			);
			defaultConfigurationIsVisible = 0;
			defaultConfigurationName = Release;
		};
		BB8F7BF820DA513C00BE5CFC /* Build configuration list for PBXNativeTarget "Coffee" */ = {
			isa = XCConfigurationList;
			buildConfigurations = (
				BB8F7BF920DA513C00BE5CFC /* Debug */,
				BB8F7BFA20DA513C00BE5CFC /* Release */,
			);
			defaultConfigurationIsVisible = 0;
			defaultConfigurationName = Release;
		};
		BB8F7BFB20DA513C00BE5CFC /* Build configuration list for PBXNativeTarget "CoffeeTests" */ = {
			isa = XCConfigurationList;
			buildConfigurations = (
				BB8F7BFC20DA513C00BE5CFC /* Debug */,
				BB8F7BFD20DA513C00BE5CFC /* Release */,
			);
			defaultConfigurationIsVisible = 0;
			defaultConfigurationName = Release;
		};
		BB8F7BFE20DA513C00BE5CFC /* Build configuration list for PBXNativeTarget "CoffeeUITests" */ = {
			isa = XCConfigurationList;
			buildConfigurations = (
				BB8F7BFF20DA513C00BE5CFC /* Debug */,
				BB8F7C0020DA513C00BE5CFC /* Release */,
			);
			defaultConfigurationIsVisible = 0;
			defaultConfigurationName = Release;
		};
/* End XCConfigurationList section */
	};
	rootObject = BB8F7BC420DA513B00BE5CFC /* Project object */;
}
